// !$*UTF8*$!
{
	archiveVersion = 1;
	classes = {
	};
	objectVersion = 56;
	objects = {

/* Begin PBXBuildFile section */
		9AF2D2EC2BA0F3660064D49D /* ScoreView.swift in Sources */ = {isa = PBXBuildFile; fileRef = 9AF2D2EB2BA0F3660064D49D /* ScoreView.swift */; };
		9AF2D2F02BA0F5490064D49D /* GameModel.swift in Sources */ = {isa = PBXBuildFile; fileRef = 9AF2D2EF2BA0F5490064D49D /* GameModel.swift */; };
		9AF2D2F22BA0F7120064D49D /* GlobalEntities.swift in Sources */ = {isa = PBXBuildFile; fileRef = 9AF2D2F12BA0F7120064D49D /* GlobalEntities.swift */; };
		EC10F9132B963E3B008741EA /* WaveAnimation.swift in Sources */ = {isa = PBXBuildFile; fileRef = EC10F9122B963E3B008741EA /* WaveAnimation.swift */; };
		EC3336A62B787ACB00836AFB /* MusicView.swift in Sources */ = {isa = PBXBuildFile; fileRef = EC3336A52B787ACB00836AFB /* MusicView.swift */; };
		EC5EC91B2BA682C800809821 /* SnapCarouselView.swift in Sources */ = {isa = PBXBuildFile; fileRef = EC5EC91A2BA682C800809821 /* SnapCarouselView.swift */; };
		EC605FE92B77D06A005EC21A /* SettingsView.swift in Sources */ = {isa = PBXBuildFile; fileRef = EC605FE82B77D06A005EC21A /* SettingsView.swift */; };
		EC64789A2B77C4F300F12A54 /* HomeView.swift in Sources */ = {isa = PBXBuildFile; fileRef = EC6478992B77C4F300F12A54 /* HomeView.swift */; };
		EC6E9D472B7C62B700C1F0A3 /* FriendsView.swift in Sources */ = {isa = PBXBuildFile; fileRef = EC6E9D462B7C62B700C1F0A3 /* FriendsView.swift */; };
		ECA1E2172B75B64100EE4926 /* RealityKitContent in Frameworks */ = {isa = PBXBuildFile; productRef = ECA1E2162B75B64100EE4926 /* RealityKitContent */; };
		ECA1E2192B75B64100EE4926 /* RitmoApp.swift in Sources */ = {isa = PBXBuildFile; fileRef = ECA1E2182B75B64100EE4926 /* RitmoApp.swift */; };
		ECA1E21B2B75B64100EE4926 /* ContentView.swift in Sources */ = {isa = PBXBuildFile; fileRef = ECA1E21A2B75B64100EE4926 /* ContentView.swift */; };
		ECA1E21D2B75B64100EE4926 /* ImmersiveView.swift in Sources */ = {isa = PBXBuildFile; fileRef = ECA1E21C2B75B64100EE4926 /* ImmersiveView.swift */; };
		ECA1E21F2B75B64200EE4926 /* Assets.xcassets in Resources */ = {isa = PBXBuildFile; fileRef = ECA1E21E2B75B64200EE4926 /* Assets.xcassets */; };
		ECA1E2222B75B64200EE4926 /* Preview Assets.xcassets in Resources */ = {isa = PBXBuildFile; fileRef = ECA1E2212B75B64200EE4926 /* Preview Assets.xcassets */; };
/* End PBXBuildFile section */

/* Begin PBXFileReference section */
		9AF2D2EB2BA0F3660064D49D /* ScoreView.swift */ = {isa = PBXFileReference; lastKnownFileType = sourcecode.swift; path = ScoreView.swift; sourceTree = "<group>"; };
		9AF2D2EF2BA0F5490064D49D /* GameModel.swift */ = {isa = PBXFileReference; lastKnownFileType = sourcecode.swift; path = GameModel.swift; sourceTree = "<group>"; };
		9AF2D2F12BA0F7120064D49D /* GlobalEntities.swift */ = {isa = PBXFileReference; lastKnownFileType = sourcecode.swift; path = GlobalEntities.swift; sourceTree = "<group>"; };
		EC10F9122B963E3B008741EA /* WaveAnimation.swift */ = {isa = PBXFileReference; lastKnownFileType = sourcecode.swift; path = WaveAnimation.swift; sourceTree = "<group>"; };
		EC3336A52B787ACB00836AFB /* MusicView.swift */ = {isa = PBXFileReference; lastKnownFileType = sourcecode.swift; path = MusicView.swift; sourceTree = "<group>"; };
		EC5EC91A2BA682C800809821 /* SnapCarouselView.swift */ = {isa = PBXFileReference; lastKnownFileType = sourcecode.swift; path = SnapCarouselView.swift; sourceTree = "<group>"; };
		EC605FE82B77D06A005EC21A /* SettingsView.swift */ = {isa = PBXFileReference; lastKnownFileType = sourcecode.swift; path = SettingsView.swift; sourceTree = "<group>"; };
		EC6478992B77C4F300F12A54 /* HomeView.swift */ = {isa = PBXFileReference; lastKnownFileType = sourcecode.swift; path = HomeView.swift; sourceTree = "<group>"; };
		EC6E9D462B7C62B700C1F0A3 /* FriendsView.swift */ = {isa = PBXFileReference; lastKnownFileType = sourcecode.swift; path = FriendsView.swift; sourceTree = "<group>"; };
		ECA1E2112B75B64100EE4926 /* Ritmo.app */ = {isa = PBXFileReference; explicitFileType = wrapper.application; includeInIndex = 0; path = Ritmo.app; sourceTree = BUILT_PRODUCTS_DIR; };
		ECA1E2152B75B64100EE4926 /* RealityKitContent */ = {isa = PBXFileReference; lastKnownFileType = wrapper; path = RealityKitContent; sourceTree = "<group>"; };
		ECA1E2182B75B64100EE4926 /* RitmoApp.swift */ = {isa = PBXFileReference; lastKnownFileType = sourcecode.swift; path = RitmoApp.swift; sourceTree = "<group>"; };
		ECA1E21A2B75B64100EE4926 /* ContentView.swift */ = {isa = PBXFileReference; lastKnownFileType = sourcecode.swift; path = ContentView.swift; sourceTree = "<group>"; };
		ECA1E21C2B75B64100EE4926 /* ImmersiveView.swift */ = {isa = PBXFileReference; lastKnownFileType = sourcecode.swift; path = ImmersiveView.swift; sourceTree = "<group>"; };
		ECA1E21E2B75B64200EE4926 /* Assets.xcassets */ = {isa = PBXFileReference; lastKnownFileType = folder.assetcatalog; path = Assets.xcassets; sourceTree = "<group>"; };
		ECA1E2212B75B64200EE4926 /* Preview Assets.xcassets */ = {isa = PBXFileReference; lastKnownFileType = folder.assetcatalog; path = "Preview Assets.xcassets"; sourceTree = "<group>"; };
		ECA1E2232B75B64200EE4926 /* Info.plist */ = {isa = PBXFileReference; lastKnownFileType = text.plist.xml; path = Info.plist; sourceTree = "<group>"; };
		ECDD66992B8D2E96005987B0 /* Ritmo.entitlements */ = {isa = PBXFileReference; lastKnownFileType = text.plist.entitlements; path = Ritmo.entitlements; sourceTree = "<group>"; };
/* End PBXFileReference section */

/* Begin PBXFrameworksBuildPhase section */
		ECA1E20E2B75B64100EE4926 /* Frameworks */ = {
			isa = PBXFrameworksBuildPhase;
			buildActionMask = 2147483647;
			files = (
				ECA1E2172B75B64100EE4926 /* RealityKitContent in Frameworks */,
			);
			runOnlyForDeploymentPostprocessing = 0;
		};
/* End PBXFrameworksBuildPhase section */

/* Begin PBXGroup section */
		ECA1E2082B75B64100EE4926 = {
			isa = PBXGroup;
			children = (
				ECA1E2132B75B64100EE4926 /* Ritmo */,
				ECA1E2142B75B64100EE4926 /* Packages */,
				ECA1E2122B75B64100EE4926 /* Products */,
			);
			sourceTree = "<group>";
		};
		ECA1E2122B75B64100EE4926 /* Products */ = {
			isa = PBXGroup;
			children = (
				ECA1E2112B75B64100EE4926 /* Ritmo.app */,
			);
			name = Products;
			sourceTree = "<group>";
		};
		ECA1E2132B75B64100EE4926 /* Ritmo */ = {
			isa = PBXGroup;
			children = (
				ECA1E2182B75B64100EE4926 /* RitmoApp.swift */,
				ECC092552B7844A5002B4013 /* Views */,
				ECDD66992B8D2E96005987B0 /* Ritmo.entitlements */,
				ECA1E21E2B75B64200EE4926 /* Assets.xcassets */,
				ECA1E2232B75B64200EE4926 /* Info.plist */,
				ECA1E2202B75B64200EE4926 /* Preview Content */,
			);
			path = Ritmo;
			sourceTree = "<group>";
		};
		ECA1E2142B75B64100EE4926 /* Packages */ = {
			isa = PBXGroup;
			children = (
				ECA1E2152B75B64100EE4926 /* RealityKitContent */,
			);
			path = Packages;
			sourceTree = "<group>";
		};
		ECA1E2202B75B64200EE4926 /* Preview Content */ = {
			isa = PBXGroup;
			children = (
				ECA1E2212B75B64200EE4926 /* Preview Assets.xcassets */,
			);
			path = "Preview Content";
			sourceTree = "<group>";
		};
		ECC092552B7844A5002B4013 /* Views */ = {
			isa = PBXGroup;
			children = (
				ECA1E21A2B75B64100EE4926 /* ContentView.swift */,
				EC6478992B77C4F300F12A54 /* HomeView.swift */,
				EC3336A52B787ACB00836AFB /* MusicView.swift */,
				ECA1E21C2B75B64100EE4926 /* ImmersiveView.swift */,
				9AF2D2EF2BA0F5490064D49D /* GameModel.swift */,
				9AF2D2EB2BA0F3660064D49D /* ScoreView.swift */,
				9AF2D2F12BA0F7120064D49D /* GlobalEntities.swift */,
				EC6E9D462B7C62B700C1F0A3 /* FriendsView.swift */,
				EC605FE82B77D06A005EC21A /* SettingsView.swift */,
				EC10F9122B963E3B008741EA /* WaveAnimation.swift */,
				EC5EC91A2BA682C800809821 /* SnapCarouselView.swift */,
			);
			path = Views;
			sourceTree = "<group>";
		};
/* End PBXGroup section */

/* Begin PBXNativeTarget section */
		ECA1E2102B75B64100EE4926 /* Ritmo */ = {
			isa = PBXNativeTarget;
			buildConfigurationList = ECA1E2262B75B64200EE4926 /* Build configuration list for PBXNativeTarget "Ritmo" */;
			buildPhases = (
				ECA1E20D2B75B64100EE4926 /* Sources */,
				ECA1E20E2B75B64100EE4926 /* Frameworks */,
				ECA1E20F2B75B64100EE4926 /* Resources */,
			);
			buildRules = (
			);
			dependencies = (
			);
			name = Ritmo;
			packageProductDependencies = (
				ECA1E2162B75B64100EE4926 /* RealityKitContent */,
			);
			productName = "vision-app";
			productReference = ECA1E2112B75B64100EE4926 /* Ritmo.app */;
			productType = "com.apple.product-type.application";
		};
/* End PBXNativeTarget section */

/* Begin PBXProject section */
		ECA1E2092B75B64100EE4926 /* Project object */ = {
			isa = PBXProject;
			attributes = {
				BuildIndependentTargetsInParallel = 1;
				LastSwiftUpdateCheck = 1520;
				LastUpgradeCheck = 1520;
				TargetAttributes = {
					ECA1E2102B75B64100EE4926 = {
						CreatedOnToolsVersion = 15.2;
					};
				};
			};
			buildConfigurationList = ECA1E20C2B75B64100EE4926 /* Build configuration list for PBXProject "Ritmo" */;
			compatibilityVersion = "Xcode 14.0";
			developmentRegion = en;
			hasScannedForEncodings = 0;
			knownRegions = (
				en,
				Base,
			);
			mainGroup = ECA1E2082B75B64100EE4926;
			productRefGroup = ECA1E2122B75B64100EE4926 /* Products */;
			projectDirPath = "";
			projectRoot = "";
			targets = (
				ECA1E2102B75B64100EE4926 /* Ritmo */,
			);
		};
/* End PBXProject section */

/* Begin PBXResourcesBuildPhase section */
		ECA1E20F2B75B64100EE4926 /* Resources */ = {
			isa = PBXResourcesBuildPhase;
			buildActionMask = 2147483647;
			files = (
				ECA1E2222B75B64200EE4926 /* Preview Assets.xcassets in Resources */,
				ECA1E21F2B75B64200EE4926 /* Assets.xcassets in Resources */,
			);
			runOnlyForDeploymentPostprocessing = 0;
		};
/* End PBXResourcesBuildPhase section */

/* Begin PBXSourcesBuildPhase section */
		ECA1E20D2B75B64100EE4926 /* Sources */ = {
			isa = PBXSourcesBuildPhase;
			buildActionMask = 2147483647;
			files = (
				EC5EC91B2BA682C800809821 /* SnapCarouselView.swift in Sources */,
				EC3336A62B787ACB00836AFB /* MusicView.swift in Sources */,
				EC10F9132B963E3B008741EA /* WaveAnimation.swift in Sources */,
				9AF2D2EC2BA0F3660064D49D /* ScoreView.swift in Sources */,
				EC605FE92B77D06A005EC21A /* SettingsView.swift in Sources */,
				ECA1E21B2B75B64100EE4926 /* ContentView.swift in Sources */,
				9AF2D2F02BA0F5490064D49D /* GameModel.swift in Sources */,
				9AF2D2F22BA0F7120064D49D /* GlobalEntities.swift in Sources */,
				ECA1E2192B75B64100EE4926 /* RitmoApp.swift in Sources */,
				EC64789A2B77C4F300F12A54 /* HomeView.swift in Sources */,
				EC6E9D472B7C62B700C1F0A3 /* FriendsView.swift in Sources */,
				ECA1E21D2B75B64100EE4926 /* ImmersiveView.swift in Sources */,
			);
			runOnlyForDeploymentPostprocessing = 0;
		};
/* End PBXSourcesBuildPhase section */

/* Begin XCBuildConfiguration section */
		ECA1E2242B75B64200EE4926 /* Debug */ = {
			isa = XCBuildConfiguration;
			buildSettings = {
				ALWAYS_SEARCH_USER_PATHS = NO;
				ASSETCATALOG_COMPILER_GENERATE_SWIFT_ASSET_SYMBOL_EXTENSIONS = YES;
				CLANG_ANALYZER_NONNULL = YES;
				CLANG_ANALYZER_NUMBER_OBJECT_CONVERSION = YES_AGGRESSIVE;
				CLANG_CXX_LANGUAGE_STANDARD = "gnu++20";
				CLANG_ENABLE_MODULES = YES;
				CLANG_ENABLE_OBJC_ARC = YES;
				CLANG_ENABLE_OBJC_WEAK = YES;
				CLANG_WARN_BLOCK_CAPTURE_AUTORELEASING = YES;
				CLANG_WARN_BOOL_CONVERSION = YES;
				CLANG_WARN_COMMA = YES;
				CLANG_WARN_CONSTANT_CONVERSION = YES;
				CLANG_WARN_DEPRECATED_OBJC_IMPLEMENTATIONS = YES;
				CLANG_WARN_DIRECT_OBJC_ISA_USAGE = YES_ERROR;
				CLANG_WARN_DOCUMENTATION_COMMENTS = YES;
				CLANG_WARN_EMPTY_BODY = YES;
				CLANG_WARN_ENUM_CONVERSION = YES;
				CLANG_WARN_INFINITE_RECURSION = YES;
				CLANG_WARN_INT_CONVERSION = YES;
				CLANG_WARN_NON_LITERAL_NULL_CONVERSION = YES;
				CLANG_WARN_OBJC_IMPLICIT_RETAIN_SELF = YES;
				CLANG_WARN_OBJC_LITERAL_CONVERSION = YES;
				CLANG_WARN_OBJC_ROOT_CLASS = YES_ERROR;
				CLANG_WARN_QUOTED_INCLUDE_IN_FRAMEWORK_HEADER = YES;
				CLANG_WARN_RANGE_LOOP_ANALYSIS = YES;
				CLANG_WARN_STRICT_PROTOTYPES = YES;
				CLANG_WARN_SUSPICIOUS_MOVE = YES;
				CLANG_WARN_UNGUARDED_AVAILABILITY = YES_AGGRESSIVE;
				CLANG_WARN_UNREACHABLE_CODE = YES;
				CLANG_WARN__DUPLICATE_METHOD_MATCH = YES;
				COPY_PHASE_STRIP = NO;
				DEBUG_INFORMATION_FORMAT = dwarf;
				ENABLE_STRICT_OBJC_MSGSEND = YES;
				ENABLE_TESTABILITY = YES;
				ENABLE_USER_SCRIPT_SANDBOXING = YES;
				GCC_C_LANGUAGE_STANDARD = gnu17;
				GCC_DYNAMIC_NO_PIC = NO;
				GCC_NO_COMMON_BLOCKS = YES;
				GCC_OPTIMIZATION_LEVEL = 0;
				GCC_PREPROCESSOR_DEFINITIONS = (
					"DEBUG=1",
					"$(inherited)",
				);
				GCC_WARN_64_TO_32_BIT_CONVERSION = YES;
				GCC_WARN_ABOUT_RETURN_TYPE = YES_ERROR;
				GCC_WARN_UNDECLARED_SELECTOR = YES;
				GCC_WARN_UNINITIALIZED_AUTOS = YES_AGGRESSIVE;
				GCC_WARN_UNUSED_FUNCTION = YES;
				GCC_WARN_UNUSED_VARIABLE = YES;
				LOCALIZATION_PREFERS_STRING_CATALOGS = YES;
				MTL_ENABLE_DEBUG_INFO = INCLUDE_SOURCE;
				MTL_FAST_MATH = YES;
				ONLY_ACTIVE_ARCH = YES;
				SDKROOT = xros;
				SWIFT_ACTIVE_COMPILATION_CONDITIONS = "DEBUG $(inherited)";
				SWIFT_OPTIMIZATION_LEVEL = "-Onone";
				XROS_DEPLOYMENT_TARGET = 1.1;
			};
			name = Debug;
		};
		ECA1E2252B75B64200EE4926 /* Release */ = {
			isa = XCBuildConfiguration;
			buildSettings = {
				ALWAYS_SEARCH_USER_PATHS = NO;
				ASSETCATALOG_COMPILER_GENERATE_SWIFT_ASSET_SYMBOL_EXTENSIONS = YES;
				CLANG_ANALYZER_NONNULL = YES;
				CLANG_ANALYZER_NUMBER_OBJECT_CONVERSION = YES_AGGRESSIVE;
				CLANG_CXX_LANGUAGE_STANDARD = "gnu++20";
				CLANG_ENABLE_MODULES = YES;
				CLANG_ENABLE_OBJC_ARC = YES;
				CLANG_ENABLE_OBJC_WEAK = YES;
				CLANG_WARN_BLOCK_CAPTURE_AUTORELEASING = YES;
				CLANG_WARN_BOOL_CONVERSION = YES;
				CLANG_WARN_COMMA = YES;
				CLANG_WARN_CONSTANT_CONVERSION = YES;
				CLANG_WARN_DEPRECATED_OBJC_IMPLEMENTATIONS = YES;
				CLANG_WARN_DIRECT_OBJC_ISA_USAGE = YES_ERROR;
				CLANG_WARN_DOCUMENTATION_COMMENTS = YES;
				CLANG_WARN_EMPTY_BODY = YES;
				CLANG_WARN_ENUM_CONVERSION = YES;
				CLANG_WARN_INFINITE_RECURSION = YES;
				CLANG_WARN_INT_CONVERSION = YES;
				CLANG_WARN_NON_LITERAL_NULL_CONVERSION = YES;
				CLANG_WARN_OBJC_IMPLICIT_RETAIN_SELF = YES;
				CLANG_WARN_OBJC_LITERAL_CONVERSION = YES;
				CLANG_WARN_OBJC_ROOT_CLASS = YES_ERROR;
				CLANG_WARN_QUOTED_INCLUDE_IN_FRAMEWORK_HEADER = YES;
				CLANG_WARN_RANGE_LOOP_ANALYSIS = YES;
				CLANG_WARN_STRICT_PROTOTYPES = YES;
				CLANG_WARN_SUSPICIOUS_MOVE = YES;
				CLANG_WARN_UNGUARDED_AVAILABILITY = YES_AGGRESSIVE;
				CLANG_WARN_UNREACHABLE_CODE = YES;
				CLANG_WARN__DUPLICATE_METHOD_MATCH = YES;
				COPY_PHASE_STRIP = NO;
				DEBUG_INFORMATION_FORMAT = "dwarf-with-dsym";
				ENABLE_NS_ASSERTIONS = NO;
				ENABLE_STRICT_OBJC_MSGSEND = YES;
				ENABLE_USER_SCRIPT_SANDBOXING = YES;
				GCC_C_LANGUAGE_STANDARD = gnu17;
				GCC_NO_COMMON_BLOCKS = YES;
				GCC_WARN_64_TO_32_BIT_CONVERSION = YES;
				GCC_WARN_ABOUT_RETURN_TYPE = YES_ERROR;
				GCC_WARN_UNDECLARED_SELECTOR = YES;
				GCC_WARN_UNINITIALIZED_AUTOS = YES_AGGRESSIVE;
				GCC_WARN_UNUSED_FUNCTION = YES;
				GCC_WARN_UNUSED_VARIABLE = YES;
				LOCALIZATION_PREFERS_STRING_CATALOGS = YES;
				MTL_ENABLE_DEBUG_INFO = NO;
				MTL_FAST_MATH = YES;
				SDKROOT = xros;
				SWIFT_COMPILATION_MODE = wholemodule;
				VALIDATE_PRODUCT = YES;
				XROS_DEPLOYMENT_TARGET = 1.1;
			};
			name = Release;
		};
		ECA1E2272B75B64200EE4926 /* Debug */ = {
			isa = XCBuildConfiguration;
			buildSettings = {
				ASSETCATALOG_COMPILER_APPICON_NAME = AppIcon;
				ASSETCATALOG_COMPILER_GLOBAL_ACCENT_COLOR_NAME = AccentColor;
				CODE_SIGN_ENTITLEMENTS = Ritmo/Ritmo.entitlements;
				CODE_SIGN_STYLE = Automatic;
				CURRENT_PROJECT_VERSION = 1;
				DEVELOPMENT_ASSET_PATHS = "\"Ritmo/Preview Content\"";
				DEVELOPMENT_TEAM = C32HX45PQ4;
				ENABLE_PREVIEWS = YES;
				GENERATE_INFOPLIST_FILE = YES;
				INFOPLIST_FILE = "$(TARGET_NAME)/Info.plist";
				INFOPLIST_KEY_CFBundleDisplayName = Ritmo;
				INFOPLIST_KEY_LSApplicationCategoryType = "public.app-category.games";
				INFOPLIST_KEY_NSAppleMusicUsageDescription = "Requesting Access to Play Music";
				LD_RUNPATH_SEARCH_PATHS = (
					"$(inherited)",
					"@executable_path/Frameworks",
				);
				MARKETING_VERSION = 0.7;
				PRODUCT_BUNDLE_IDENTIFIER = cool.nmi.musicspace;
				PRODUCT_NAME = "$(TARGET_NAME)";
				SUPPORTED_PLATFORMS = "xros xrsimulator";
				SWIFT_EMIT_LOC_STRINGS = YES;
				SWIFT_VERSION = 5.0;
				TARGETED_DEVICE_FAMILY = 7;
			};
			name = Debug;
		};
		ECA1E2282B75B64200EE4926 /* Release */ = {
			isa = XCBuildConfiguration;
			buildSettings = {
				ASSETCATALOG_COMPILER_APPICON_NAME = AppIcon;
				ASSETCATALOG_COMPILER_GLOBAL_ACCENT_COLOR_NAME = AccentColor;
				CODE_SIGN_ENTITLEMENTS = Ritmo/Ritmo.entitlements;
				CODE_SIGN_STYLE = Automatic;
				CURRENT_PROJECT_VERSION = 1;
				DEVELOPMENT_ASSET_PATHS = "\"Ritmo/Preview Content\"";
				DEVELOPMENT_TEAM = C32HX45PQ4;
				ENABLE_PREVIEWS = YES;
				GENERATE_INFOPLIST_FILE = YES;
				INFOPLIST_FILE = "$(TARGET_NAME)/Info.plist";
				INFOPLIST_KEY_CFBundleDisplayName = Ritmo;
				INFOPLIST_KEY_LSApplicationCategoryType = "public.app-category.games";
				INFOPLIST_KEY_NSAppleMusicUsageDescription = "Requesting Access to Play Music";
				LD_RUNPATH_SEARCH_PATHS = (
					"$(inherited)",
					"@executable_path/Frameworks",
				);
				MARKETING_VERSION = 0.7;
				PRODUCT_BUNDLE_IDENTIFIER = cool.nmi.musicspace;
				PRODUCT_NAME = "$(TARGET_NAME)";
				SUPPORTED_PLATFORMS = "xros xrsimulator";
				SWIFT_EMIT_LOC_STRINGS = YES;
				SWIFT_VERSION = 5.0;
				TARGETED_DEVICE_FAMILY = 7;
			};
			name = Release;
		};
/* End XCBuildConfiguration section */

/* Begin XCConfigurationList section */
		ECA1E20C2B75B64100EE4926 /* Build configuration list for PBXProject "Ritmo" */ = {
			isa = XCConfigurationList;
			buildConfigurations = (
				ECA1E2242B75B64200EE4926 /* Debug */,
				ECA1E2252B75B64200EE4926 /* Release */,
			);
			defaultConfigurationIsVisible = 0;
			defaultConfigurationName = Release;
		};
		ECA1E2262B75B64200EE4926 /* Build configuration list for PBXNativeTarget "Ritmo" */ = {
			isa = XCConfigurationList;
			buildConfigurations = (
				ECA1E2272B75B64200EE4926 /* Debug */,
				ECA1E2282B75B64200EE4926 /* Release */,
			);
			defaultConfigurationIsVisible = 0;
			defaultConfigurationName = Release;
		};
/* End XCConfigurationList section */

/* Begin XCSwiftPackageProductDependency section */
		ECA1E2162B75B64100EE4926 /* RealityKitContent */ = {
			isa = XCSwiftPackageProductDependency;
			productName = RealityKitContent;
		};
/* End XCSwiftPackageProductDependency section */
	};
	rootObject = ECA1E2092B75B64100EE4926 /* Project object */;
}
