// !$*UTF8*$!
{
	archiveVersion = 1;
	classes = {
	};
	objectVersion = 56;
	objects = {

/* Begin PBXBuildFile section */
		9AC597382B7713C600729430 /* GameView.swift in Sources */ = {isa = PBXBuildFile; fileRef = 9AC597372B7713C600729430 /* GameView.swift */; };
		EC3336A62B787ACB00836AFB /* MusicView.swift in Sources */ = {isa = PBXBuildFile; fileRef = EC3336A52B787ACB00836AFB /* MusicView.swift */; };
		EC3EF0962B7BF36F006C8C61 /* StarWars60.wav in Resources */ = {isa = PBXBuildFile; fileRef = EC3EF0952B7BF36F006C8C61 /* StarWars60.wav */; };
		EC605FE92B77D06A005EC21A /* SettingsView.swift in Sources */ = {isa = PBXBuildFile; fileRef = EC605FE82B77D06A005EC21A /* SettingsView.swift */; };
		EC64789A2B77C4F300F12A54 /* HomeView.swift in Sources */ = {isa = PBXBuildFile; fileRef = EC6478992B77C4F300F12A54 /* HomeView.swift */; };
		EC64789C2B77C58700F12A54 /* LibraryView.swift in Sources */ = {isa = PBXBuildFile; fileRef = EC64789B2B77C58700F12A54 /* LibraryView.swift */; };
		ECA1E2172B75B64100EE4926 /* RealityKitContent in Frameworks */ = {isa = PBXBuildFile; productRef = ECA1E2162B75B64100EE4926 /* RealityKitContent */; };
		ECA1E2192B75B64100EE4926 /* vision_appApp.swift in Sources */ = {isa = PBXBuildFile; fileRef = ECA1E2182B75B64100EE4926 /* vision_appApp.swift */; };
		ECA1E21B2B75B64100EE4926 /* ContentView.swift in Sources */ = {isa = PBXBuildFile; fileRef = ECA1E21A2B75B64100EE4926 /* ContentView.swift */; };
		ECA1E21D2B75B64100EE4926 /* ImmersiveView.swift in Sources */ = {isa = PBXBuildFile; fileRef = ECA1E21C2B75B64100EE4926 /* ImmersiveView.swift */; };
		ECA1E21F2B75B64200EE4926 /* Assets.xcassets in Resources */ = {isa = PBXBuildFile; fileRef = ECA1E21E2B75B64200EE4926 /* Assets.xcassets */; };
		ECA1E2222B75B64200EE4926 /* Preview Assets.xcassets in Resources */ = {isa = PBXBuildFile; fileRef = ECA1E2212B75B64200EE4926 /* Preview Assets.xcassets */; };
		ECA1E25D2B75D17600EE4926 /* 07 Little Lion Man.mp3 in Resources */ = {isa = PBXBuildFile; fileRef = ECA1E24D2B75D17600EE4926 /* 07 Little Lion Man.mp3 */; };
		ECA1E25E2B75D17600EE4926 /* 01 - Cotton Eye Joe (Original Version).mp3 in Resources */ = {isa = PBXBuildFile; fileRef = ECA1E24E2B75D17600EE4926 /* 01 - Cotton Eye Joe (Original Version).mp3 */; };
		ECA1E25F2B75D17600EE4926 /* Broken.mp3 in Resources */ = {isa = PBXBuildFile; fileRef = ECA1E24F2B75D17600EE4926 /* Broken.mp3 */; };
		ECA1E2602B75D17600EE4926 /* 07. Coldplay - Viva la Vida.mp3 in Resources */ = {isa = PBXBuildFile; fileRef = ECA1E2502B75D17600EE4926 /* 07. Coldplay - Viva la Vida.mp3 */; };
		ECA1E2612B75D17600EE4926 /* 04 She Will Be Loved.mp3 in Resources */ = {isa = PBXBuildFile; fileRef = ECA1E2512B75D17600EE4926 /* 04 She Will Be Loved.mp3 */; };
		ECA1E2622B75D17600EE4926 /* 03 In a Little While.mp3 in Resources */ = {isa = PBXBuildFile; fileRef = ECA1E2522B75D17600EE4926 /* 03 In a Little While.mp3 */; };
		ECA1E2632B75D17600EE4926 /* 06 How's It Going to Be.mp3 in Resources */ = {isa = PBXBuildFile; fileRef = ECA1E2532B75D17600EE4926 /* 06 How's It Going to Be.mp3 */; };
		ECA1E2642B75D17600EE4926 /* 03 3 A.M.mp3 in Resources */ = {isa = PBXBuildFile; fileRef = ECA1E2542B75D17600EE4926 /* 03 3 A.M.mp3 */; };
		ECA1E2652B75D17600EE4926 /* 02 Drive By.mp3 in Resources */ = {isa = PBXBuildFile; fileRef = ECA1E2552B75D17600EE4926 /* 02 Drive By.mp3 */; };
		ECA1E2662B75D17600EE4926 /* 02 Hey, Soul Sister.mp3 in Resources */ = {isa = PBXBuildFile; fileRef = ECA1E2562B75D17600EE4926 /* 02 Hey, Soul Sister.mp3 */; };
		ECA1E2672B75D17600EE4926 /* 08 All the Small Things.mp3 in Resources */ = {isa = PBXBuildFile; fileRef = ECA1E2572B75D17600EE4926 /* 08 All the Small Things.mp3 */; };
		ECA1E2682B75D17600EE4926 /* 01 Wake Me Up.mp3 in Resources */ = {isa = PBXBuildFile; fileRef = ECA1E2582B75D17600EE4926 /* 01 Wake Me Up.mp3 */; };
		ECA1E2692B75D17600EE4926 /* 06 Little Talks.mp3 in Resources */ = {isa = PBXBuildFile; fileRef = ECA1E2592B75D17600EE4926 /* 06 Little Talks.mp3 */; };
		ECA1E26A2B75D17600EE4926 /* 01 Closing Time.mp3 in Resources */ = {isa = PBXBuildFile; fileRef = ECA1E25A2B75D17600EE4926 /* 01 Closing Time.mp3 */; };
		ECA1E26B2B75D17600EE4926 /* 03 I Will Wait.mp3 in Resources */ = {isa = PBXBuildFile; fileRef = ECA1E25B2B75D17600EE4926 /* 03 I Will Wait.mp3 */; };
		ECA1E26C2B75D17600EE4926 /* 02 I'm Gonna Be (500 Miles).mp3 in Resources */ = {isa = PBXBuildFile; fileRef = ECA1E25C2B75D17600EE4926 /* 02 I'm Gonna Be (500 Miles).mp3 */; };
		ECC092542B783A82002B4013 /* PlaySpatial.swift in Sources */ = {isa = PBXBuildFile; fileRef = ECC092532B783A82002B4013 /* PlaySpatial.swift */; };
		ECC0925C2B78584B002B4013 /* PlayMusic.swift in Sources */ = {isa = PBXBuildFile; fileRef = ECC0925B2B78584B002B4013 /* PlayMusic.swift */; };
/* End PBXBuildFile section */

/* Begin PBXFileReference section */
		9AC597372B7713C600729430 /* GameView.swift */ = {isa = PBXFileReference; lastKnownFileType = sourcecode.swift; path = GameView.swift; sourceTree = "<group>"; };
		EC3336A52B787ACB00836AFB /* MusicView.swift */ = {isa = PBXFileReference; lastKnownFileType = sourcecode.swift; path = MusicView.swift; sourceTree = "<group>"; };
		EC3EF0952B7BF36F006C8C61 /* StarWars60.wav */ = {isa = PBXFileReference; lastKnownFileType = audio.wav; path = StarWars60.wav; sourceTree = "<group>"; };
		EC605FE82B77D06A005EC21A /* SettingsView.swift */ = {isa = PBXFileReference; lastKnownFileType = sourcecode.swift; path = SettingsView.swift; sourceTree = "<group>"; };
		EC6478992B77C4F300F12A54 /* HomeView.swift */ = {isa = PBXFileReference; lastKnownFileType = sourcecode.swift; path = HomeView.swift; sourceTree = "<group>"; };
		EC64789B2B77C58700F12A54 /* LibraryView.swift */ = {isa = PBXFileReference; lastKnownFileType = sourcecode.swift; path = LibraryView.swift; sourceTree = "<group>"; };
		ECA1E2112B75B64100EE4926 /* vision-app.app */ = {isa = PBXFileReference; explicitFileType = wrapper.application; includeInIndex = 0; path = "vision-app.app"; sourceTree = BUILT_PRODUCTS_DIR; };
		ECA1E2152B75B64100EE4926 /* RealityKitContent */ = {isa = PBXFileReference; lastKnownFileType = wrapper; path = RealityKitContent; sourceTree = "<group>"; };
		ECA1E2182B75B64100EE4926 /* vision_appApp.swift */ = {isa = PBXFileReference; lastKnownFileType = sourcecode.swift; path = vision_appApp.swift; sourceTree = "<group>"; };
		ECA1E21A2B75B64100EE4926 /* ContentView.swift */ = {isa = PBXFileReference; lastKnownFileType = sourcecode.swift; path = ContentView.swift; sourceTree = "<group>"; };
		ECA1E21C2B75B64100EE4926 /* ImmersiveView.swift */ = {isa = PBXFileReference; lastKnownFileType = sourcecode.swift; path = ImmersiveView.swift; sourceTree = "<group>"; };
		ECA1E21E2B75B64200EE4926 /* Assets.xcassets */ = {isa = PBXFileReference; lastKnownFileType = folder.assetcatalog; path = Assets.xcassets; sourceTree = "<group>"; };
		ECA1E2212B75B64200EE4926 /* Preview Assets.xcassets */ = {isa = PBXFileReference; lastKnownFileType = folder.assetcatalog; path = "Preview Assets.xcassets"; sourceTree = "<group>"; };
		ECA1E2232B75B64200EE4926 /* Info.plist */ = {isa = PBXFileReference; lastKnownFileType = text.plist.xml; path = Info.plist; sourceTree = "<group>"; };
		ECA1E24D2B75D17600EE4926 /* 07 Little Lion Man.mp3 */ = {isa = PBXFileReference; lastKnownFileType = audio.mp3; path = "07 Little Lion Man.mp3"; sourceTree = "<group>"; };
		ECA1E24E2B75D17600EE4926 /* 01 - Cotton Eye Joe (Original Version).mp3 */ = {isa = PBXFileReference; lastKnownFileType = audio.mp3; path = "01 - Cotton Eye Joe (Original Version).mp3"; sourceTree = "<group>"; };
		ECA1E24F2B75D17600EE4926 /* Broken.mp3 */ = {isa = PBXFileReference; lastKnownFileType = audio.mp3; path = Broken.mp3; sourceTree = "<group>"; };
		ECA1E2502B75D17600EE4926 /* 07. Coldplay - Viva la Vida.mp3 */ = {isa = PBXFileReference; lastKnownFileType = audio.mp3; path = "07. Coldplay - Viva la Vida.mp3"; sourceTree = "<group>"; };
		ECA1E2512B75D17600EE4926 /* 04 She Will Be Loved.mp3 */ = {isa = PBXFileReference; lastKnownFileType = audio.mp3; path = "04 She Will Be Loved.mp3"; sourceTree = "<group>"; };
		ECA1E2522B75D17600EE4926 /* 03 In a Little While.mp3 */ = {isa = PBXFileReference; lastKnownFileType = audio.mp3; path = "03 In a Little While.mp3"; sourceTree = "<group>"; };
		ECA1E2532B75D17600EE4926 /* 06 How's It Going to Be.mp3 */ = {isa = PBXFileReference; lastKnownFileType = audio.mp3; path = "06 How's It Going to Be.mp3"; sourceTree = "<group>"; };
		ECA1E2542B75D17600EE4926 /* 03 3 A.M.mp3 */ = {isa = PBXFileReference; lastKnownFileType = audio.mp3; path = "03 3 A.M.mp3"; sourceTree = "<group>"; };
		ECA1E2552B75D17600EE4926 /* 02 Drive By.mp3 */ = {isa = PBXFileReference; lastKnownFileType = audio.mp3; path = "02 Drive By.mp3"; sourceTree = "<group>"; };
		ECA1E2562B75D17600EE4926 /* 02 Hey, Soul Sister.mp3 */ = {isa = PBXFileReference; lastKnownFileType = audio.mp3; path = "02 Hey, Soul Sister.mp3"; sourceTree = "<group>"; };
		ECA1E2572B75D17600EE4926 /* 08 All the Small Things.mp3 */ = {isa = PBXFileReference; lastKnownFileType = audio.mp3; path = "08 All the Small Things.mp3"; sourceTree = "<group>"; };
		ECA1E2582B75D17600EE4926 /* 01 Wake Me Up.mp3 */ = {isa = PBXFileReference; lastKnownFileType = audio.mp3; path = "01 Wake Me Up.mp3"; sourceTree = "<group>"; };
		ECA1E2592B75D17600EE4926 /* 06 Little Talks.mp3 */ = {isa = PBXFileReference; lastKnownFileType = audio.mp3; path = "06 Little Talks.mp3"; sourceTree = "<group>"; };
		ECA1E25A2B75D17600EE4926 /* 01 Closing Time.mp3 */ = {isa = PBXFileReference; lastKnownFileType = audio.mp3; path = "01 Closing Time.mp3"; sourceTree = "<group>"; };
		ECA1E25B2B75D17600EE4926 /* 03 I Will Wait.mp3 */ = {isa = PBXFileReference; lastKnownFileType = audio.mp3; path = "03 I Will Wait.mp3"; sourceTree = "<group>"; };
		ECA1E25C2B75D17600EE4926 /* 02 I'm Gonna Be (500 Miles).mp3 */ = {isa = PBXFileReference; lastKnownFileType = audio.mp3; path = "02 I'm Gonna Be (500 Miles).mp3"; sourceTree = "<group>"; };
		ECC092532B783A82002B4013 /* PlaySpatial.swift */ = {isa = PBXFileReference; lastKnownFileType = sourcecode.swift; path = PlaySpatial.swift; sourceTree = "<group>"; };
		ECC0925B2B78584B002B4013 /* PlayMusic.swift */ = {isa = PBXFileReference; fileEncoding = 4; lastKnownFileType = sourcecode.swift; path = PlayMusic.swift; sourceTree = "<group>"; };
/* End PBXFileReference section */

/* Begin PBXFrameworksBuildPhase section */
		ECA1E20E2B75B64100EE4926 /* Frameworks */ = {
			isa = PBXFrameworksBuildPhase;
			buildActionMask = 2147483647;
			files = (
				ECA1E2172B75B64100EE4926 /* RealityKitContent in Frameworks */,
			);
			runOnlyForDeploymentPostprocessing = 0;
		};
/* End PBXFrameworksBuildPhase section */

/* Begin PBXGroup section */
		ECA1E2082B75B64100EE4926 = {
			isa = PBXGroup;
			children = (
				ECA1E2132B75B64100EE4926 /* vision-app */,
				ECA1E2142B75B64100EE4926 /* Packages */,
				ECA1E2122B75B64100EE4926 /* Products */,
			);
			sourceTree = "<group>";
		};
		ECA1E2122B75B64100EE4926 /* Products */ = {
			isa = PBXGroup;
			children = (
				ECA1E2112B75B64100EE4926 /* vision-app.app */,
			);
			name = Products;
			sourceTree = "<group>";
		};
		ECA1E2132B75B64100EE4926 /* vision-app */ = {
			isa = PBXGroup;
			children = (
				ECA1E2182B75B64100EE4926 /* vision_appApp.swift */,
				ECA1E21A2B75B64100EE4926 /* ContentView.swift */,
				ECC092552B7844A5002B4013 /* Views */,
				ECC092562B7844D8002B4013 /* Audio */,
				ECA1E21E2B75B64200EE4926 /* Assets.xcassets */,
				ECA1E2232B75B64200EE4926 /* Info.plist */,
				ECA1E24C2B75D17600EE4926 /* Music */,
				ECA1E2202B75B64200EE4926 /* Preview Content */,
			);
			path = "vision-app";
			sourceTree = "<group>";
		};
		ECA1E2142B75B64100EE4926 /* Packages */ = {
			isa = PBXGroup;
			children = (
				ECA1E2152B75B64100EE4926 /* RealityKitContent */,
			);
			path = Packages;
			sourceTree = "<group>";
		};
		ECA1E2202B75B64200EE4926 /* Preview Content */ = {
			isa = PBXGroup;
			children = (
				ECA1E2212B75B64200EE4926 /* Preview Assets.xcassets */,
			);
			path = "Preview Content";
			sourceTree = "<group>";
		};
		ECA1E24C2B75D17600EE4926 /* Music */ = {
			isa = PBXGroup;
			children = (
				EC3EF0952B7BF36F006C8C61 /* StarWars60.wav */,
				ECA1E24D2B75D17600EE4926 /* 07 Little Lion Man.mp3 */,
				ECA1E24E2B75D17600EE4926 /* 01 - Cotton Eye Joe (Original Version).mp3 */,
				ECA1E24F2B75D17600EE4926 /* Broken.mp3 */,
				ECA1E2502B75D17600EE4926 /* 07. Coldplay - Viva la Vida.mp3 */,
				ECA1E2512B75D17600EE4926 /* 04 She Will Be Loved.mp3 */,
				ECA1E2522B75D17600EE4926 /* 03 In a Little While.mp3 */,
				ECA1E2532B75D17600EE4926 /* 06 How's It Going to Be.mp3 */,
				ECA1E2542B75D17600EE4926 /* 03 3 A.M.mp3 */,
				ECA1E2552B75D17600EE4926 /* 02 Drive By.mp3 */,
				ECA1E2562B75D17600EE4926 /* 02 Hey, Soul Sister.mp3 */,
				ECA1E2572B75D17600EE4926 /* 08 All the Small Things.mp3 */,
				ECA1E2582B75D17600EE4926 /* 01 Wake Me Up.mp3 */,
				ECA1E2592B75D17600EE4926 /* 06 Little Talks.mp3 */,
				ECA1E25A2B75D17600EE4926 /* 01 Closing Time.mp3 */,
				ECA1E25B2B75D17600EE4926 /* 03 I Will Wait.mp3 */,
				ECA1E25C2B75D17600EE4926 /* 02 I'm Gonna Be (500 Miles).mp3 */,
			);
			path = Music;
			sourceTree = "<group>";
		};
		ECC092552B7844A5002B4013 /* Views */ = {
			isa = PBXGroup;
			children = (
				9AC597372B7713C600729430 /* GameView.swift */,
				EC3336A52B787ACB00836AFB /* MusicView.swift */,
				ECA1E21C2B75B64100EE4926 /* ImmersiveView.swift */,
				EC6478992B77C4F300F12A54 /* HomeView.swift */,
				EC64789B2B77C58700F12A54 /* LibraryView.swift */,
				EC605FE82B77D06A005EC21A /* SettingsView.swift */,
			);
			path = Views;
			sourceTree = "<group>";
		};
		ECC092562B7844D8002B4013 /* Audio */ = {
			isa = PBXGroup;
			children = (
				ECC0925B2B78584B002B4013 /* PlayMusic.swift */,
				ECC092532B783A82002B4013 /* PlaySpatial.swift */,
			);
			path = Audio;
			sourceTree = "<group>";
		};
/* End PBXGroup section */

/* Begin PBXNativeTarget section */
		ECA1E2102B75B64100EE4926 /* vision-app */ = {
			isa = PBXNativeTarget;
			buildConfigurationList = ECA1E2262B75B64200EE4926 /* Build configuration list for PBXNativeTarget "vision-app" */;
			buildPhases = (
				ECA1E20D2B75B64100EE4926 /* Sources */,
				ECA1E20E2B75B64100EE4926 /* Frameworks */,
				ECA1E20F2B75B64100EE4926 /* Resources */,
			);
			buildRules = (
			);
			dependencies = (
			);
			name = "vision-app";
			packageProductDependencies = (
				ECA1E2162B75B64100EE4926 /* RealityKitContent */,
			);
			productName = "vision-app";
			productReference = ECA1E2112B75B64100EE4926 /* vision-app.app */;
			productType = "com.apple.product-type.application";
		};
/* End PBXNativeTarget section */

/* Begin PBXProject section */
		ECA1E2092B75B64100EE4926 /* Project object */ = {
			isa = PBXProject;
			attributes = {
				BuildIndependentTargetsInParallel = 1;
				LastSwiftUpdateCheck = 1520;
				LastUpgradeCheck = 1520;
				TargetAttributes = {
					ECA1E2102B75B64100EE4926 = {
						CreatedOnToolsVersion = 15.2;
					};
				};
			};
			buildConfigurationList = ECA1E20C2B75B64100EE4926 /* Build configuration list for PBXProject "vision-app" */;
			compatibilityVersion = "Xcode 14.0";
			developmentRegion = en;
			hasScannedForEncodings = 0;
			knownRegions = (
				en,
				Base,
			);
			mainGroup = ECA1E2082B75B64100EE4926;
			productRefGroup = ECA1E2122B75B64100EE4926 /* Products */;
			projectDirPath = "";
			projectRoot = "";
			targets = (
				ECA1E2102B75B64100EE4926 /* vision-app */,
			);
		};
/* End PBXProject section */

/* Begin PBXResourcesBuildPhase section */
		ECA1E20F2B75B64100EE4926 /* Resources */ = {
			isa = PBXResourcesBuildPhase;
			buildActionMask = 2147483647;
			files = (
				ECA1E26A2B75D17600EE4926 /* 01 Closing Time.mp3 in Resources */,
				ECA1E2622B75D17600EE4926 /* 03 In a Little While.mp3 in Resources */,
				ECA1E2602B75D17600EE4926 /* 07. Coldplay - Viva la Vida.mp3 in Resources */,
				ECA1E2662B75D17600EE4926 /* 02 Hey, Soul Sister.mp3 in Resources */,
				ECA1E2642B75D17600EE4926 /* 03 3 A.M.mp3 in Resources */,
				ECA1E25D2B75D17600EE4926 /* 07 Little Lion Man.mp3 in Resources */,
				ECA1E2612B75D17600EE4926 /* 04 She Will Be Loved.mp3 in Resources */,
				ECA1E2632B75D17600EE4926 /* 06 How's It Going to Be.mp3 in Resources */,
				ECA1E2682B75D17600EE4926 /* 01 Wake Me Up.mp3 in Resources */,
				ECA1E2652B75D17600EE4926 /* 02 Drive By.mp3 in Resources */,
				ECA1E26C2B75D17600EE4926 /* 02 I'm Gonna Be (500 Miles).mp3 in Resources */,
				ECA1E2222B75B64200EE4926 /* Preview Assets.xcassets in Resources */,
				ECA1E25E2B75D17600EE4926 /* 01 - Cotton Eye Joe (Original Version).mp3 in Resources */,
				ECA1E2692B75D17600EE4926 /* 06 Little Talks.mp3 in Resources */,
				ECA1E21F2B75B64200EE4926 /* Assets.xcassets in Resources */,
				ECA1E25F2B75D17600EE4926 /* Broken.mp3 in Resources */,
				EC3EF0962B7BF36F006C8C61 /* StarWars60.wav in Resources */,
				ECA1E2672B75D17600EE4926 /* 08 All the Small Things.mp3 in Resources */,
				ECA1E26B2B75D17600EE4926 /* 03 I Will Wait.mp3 in Resources */,
			);
			runOnlyForDeploymentPostprocessing = 0;
		};
/* End PBXResourcesBuildPhase section */

/* Begin PBXSourcesBuildPhase section */
		ECA1E20D2B75B64100EE4926 /* Sources */ = {
			isa = PBXSourcesBuildPhase;
			buildActionMask = 2147483647;
			files = (
				ECC092542B783A82002B4013 /* PlaySpatial.swift in Sources */,
				ECC0925C2B78584B002B4013 /* PlayMusic.swift in Sources */,
				EC3336A62B787ACB00836AFB /* MusicView.swift in Sources */,
				EC605FE92B77D06A005EC21A /* SettingsView.swift in Sources */,
				ECA1E21B2B75B64100EE4926 /* ContentView.swift in Sources */,
				ECA1E2192B75B64100EE4926 /* vision_appApp.swift in Sources */,
				EC64789A2B77C4F300F12A54 /* HomeView.swift in Sources */,
				EC64789C2B77C58700F12A54 /* LibraryView.swift in Sources */,
				9AC597382B7713C600729430 /* GameView.swift in Sources */,
				ECA1E21D2B75B64100EE4926 /* ImmersiveView.swift in Sources */,
			);
			runOnlyForDeploymentPostprocessing = 0;
		};
/* End PBXSourcesBuildPhase section */

/* Begin XCBuildConfiguration section */
		ECA1E2242B75B64200EE4926 /* Debug */ = {
			isa = XCBuildConfiguration;
			buildSettings = {
				ALWAYS_SEARCH_USER_PATHS = NO;
				ASSETCATALOG_COMPILER_GENERATE_SWIFT_ASSET_SYMBOL_EXTENSIONS = YES;
				CLANG_ANALYZER_NONNULL = YES;
				CLANG_ANALYZER_NUMBER_OBJECT_CONVERSION = YES_AGGRESSIVE;
				CLANG_CXX_LANGUAGE_STANDARD = "gnu++20";
				CLANG_ENABLE_MODULES = YES;
				CLANG_ENABLE_OBJC_ARC = YES;
				CLANG_ENABLE_OBJC_WEAK = YES;
				CLANG_WARN_BLOCK_CAPTURE_AUTORELEASING = YES;
				CLANG_WARN_BOOL_CONVERSION = YES;
				CLANG_WARN_COMMA = YES;
				CLANG_WARN_CONSTANT_CONVERSION = YES;
				CLANG_WARN_DEPRECATED_OBJC_IMPLEMENTATIONS = YES;
				CLANG_WARN_DIRECT_OBJC_ISA_USAGE = YES_ERROR;
				CLANG_WARN_DOCUMENTATION_COMMENTS = YES;
				CLANG_WARN_EMPTY_BODY = YES;
				CLANG_WARN_ENUM_CONVERSION = YES;
				CLANG_WARN_INFINITE_RECURSION = YES;
				CLANG_WARN_INT_CONVERSION = YES;
				CLANG_WARN_NON_LITERAL_NULL_CONVERSION = YES;
				CLANG_WARN_OBJC_IMPLICIT_RETAIN_SELF = YES;
				CLANG_WARN_OBJC_LITERAL_CONVERSION = YES;
				CLANG_WARN_OBJC_ROOT_CLASS = YES_ERROR;
				CLANG_WARN_QUOTED_INCLUDE_IN_FRAMEWORK_HEADER = YES;
				CLANG_WARN_RANGE_LOOP_ANALYSIS = YES;
				CLANG_WARN_STRICT_PROTOTYPES = YES;
				CLANG_WARN_SUSPICIOUS_MOVE = YES;
				CLANG_WARN_UNGUARDED_AVAILABILITY = YES_AGGRESSIVE;
				CLANG_WARN_UNREACHABLE_CODE = YES;
				CLANG_WARN__DUPLICATE_METHOD_MATCH = YES;
				COPY_PHASE_STRIP = NO;
				DEBUG_INFORMATION_FORMAT = dwarf;
				ENABLE_STRICT_OBJC_MSGSEND = YES;
				ENABLE_TESTABILITY = YES;
				ENABLE_USER_SCRIPT_SANDBOXING = YES;
				GCC_C_LANGUAGE_STANDARD = gnu17;
				GCC_DYNAMIC_NO_PIC = NO;
				GCC_NO_COMMON_BLOCKS = YES;
				GCC_OPTIMIZATION_LEVEL = 0;
				GCC_PREPROCESSOR_DEFINITIONS = (
					"DEBUG=1",
					"$(inherited)",
				);
				GCC_WARN_64_TO_32_BIT_CONVERSION = YES;
				GCC_WARN_ABOUT_RETURN_TYPE = YES_ERROR;
				GCC_WARN_UNDECLARED_SELECTOR = YES;
				GCC_WARN_UNINITIALIZED_AUTOS = YES_AGGRESSIVE;
				GCC_WARN_UNUSED_FUNCTION = YES;
				GCC_WARN_UNUSED_VARIABLE = YES;
				LOCALIZATION_PREFERS_STRING_CATALOGS = YES;
				MTL_ENABLE_DEBUG_INFO = INCLUDE_SOURCE;
				MTL_FAST_MATH = YES;
				ONLY_ACTIVE_ARCH = YES;
				SDKROOT = xros;
				SWIFT_ACTIVE_COMPILATION_CONDITIONS = "DEBUG $(inherited)";
				SWIFT_OPTIMIZATION_LEVEL = "-Onone";
				XROS_DEPLOYMENT_TARGET = 1.0;
			};
			name = Debug;
		};
		ECA1E2252B75B64200EE4926 /* Release */ = {
			isa = XCBuildConfiguration;
			buildSettings = {
				ALWAYS_SEARCH_USER_PATHS = NO;
				ASSETCATALOG_COMPILER_GENERATE_SWIFT_ASSET_SYMBOL_EXTENSIONS = YES;
				CLANG_ANALYZER_NONNULL = YES;
				CLANG_ANALYZER_NUMBER_OBJECT_CONVERSION = YES_AGGRESSIVE;
				CLANG_CXX_LANGUAGE_STANDARD = "gnu++20";
				CLANG_ENABLE_MODULES = YES;
				CLANG_ENABLE_OBJC_ARC = YES;
				CLANG_ENABLE_OBJC_WEAK = YES;
				CLANG_WARN_BLOCK_CAPTURE_AUTORELEASING = YES;
				CLANG_WARN_BOOL_CONVERSION = YES;
				CLANG_WARN_COMMA = YES;
				CLANG_WARN_CONSTANT_CONVERSION = YES;
				CLANG_WARN_DEPRECATED_OBJC_IMPLEMENTATIONS = YES;
				CLANG_WARN_DIRECT_OBJC_ISA_USAGE = YES_ERROR;
				CLANG_WARN_DOCUMENTATION_COMMENTS = YES;
				CLANG_WARN_EMPTY_BODY = YES;
				CLANG_WARN_ENUM_CONVERSION = YES;
				CLANG_WARN_INFINITE_RECURSION = YES;
				CLANG_WARN_INT_CONVERSION = YES;
				CLANG_WARN_NON_LITERAL_NULL_CONVERSION = YES;
				CLANG_WARN_OBJC_IMPLICIT_RETAIN_SELF = YES;
				CLANG_WARN_OBJC_LITERAL_CONVERSION = YES;
				CLANG_WARN_OBJC_ROOT_CLASS = YES_ERROR;
				CLANG_WARN_QUOTED_INCLUDE_IN_FRAMEWORK_HEADER = YES;
				CLANG_WARN_RANGE_LOOP_ANALYSIS = YES;
				CLANG_WARN_STRICT_PROTOTYPES = YES;
				CLANG_WARN_SUSPICIOUS_MOVE = YES;
				CLANG_WARN_UNGUARDED_AVAILABILITY = YES_AGGRESSIVE;
				CLANG_WARN_UNREACHABLE_CODE = YES;
				CLANG_WARN__DUPLICATE_METHOD_MATCH = YES;
				COPY_PHASE_STRIP = NO;
				DEBUG_INFORMATION_FORMAT = "dwarf-with-dsym";
				ENABLE_NS_ASSERTIONS = NO;
				ENABLE_STRICT_OBJC_MSGSEND = YES;
				ENABLE_USER_SCRIPT_SANDBOXING = YES;
				GCC_C_LANGUAGE_STANDARD = gnu17;
				GCC_NO_COMMON_BLOCKS = YES;
				GCC_WARN_64_TO_32_BIT_CONVERSION = YES;
				GCC_WARN_ABOUT_RETURN_TYPE = YES_ERROR;
				GCC_WARN_UNDECLARED_SELECTOR = YES;
				GCC_WARN_UNINITIALIZED_AUTOS = YES_AGGRESSIVE;
				GCC_WARN_UNUSED_FUNCTION = YES;
				GCC_WARN_UNUSED_VARIABLE = YES;
				LOCALIZATION_PREFERS_STRING_CATALOGS = YES;
				MTL_ENABLE_DEBUG_INFO = NO;
				MTL_FAST_MATH = YES;
				SDKROOT = xros;
				SWIFT_COMPILATION_MODE = wholemodule;
				VALIDATE_PRODUCT = YES;
				XROS_DEPLOYMENT_TARGET = 1.0;
			};
			name = Release;
		};
		ECA1E2272B75B64200EE4926 /* Debug */ = {
			isa = XCBuildConfiguration;
			buildSettings = {
				ASSETCATALOG_COMPILER_APPICON_NAME = AppIcon;
				ASSETCATALOG_COMPILER_GLOBAL_ACCENT_COLOR_NAME = AccentColor;
				CODE_SIGN_STYLE = Automatic;
				CURRENT_PROJECT_VERSION = 1;
				DEVELOPMENT_ASSET_PATHS = "\"vision-app/Preview Content\"";
				ENABLE_PREVIEWS = YES;
				GENERATE_INFOPLIST_FILE = YES;
				INFOPLIST_FILE = "$(TARGET_NAME)/Info.plist";
				LD_RUNPATH_SEARCH_PATHS = (
					"$(inherited)",
					"@executable_path/Frameworks",
				);
				MARKETING_VERSION = 0.1;
				PRODUCT_BUNDLE_IDENTIFIER = "com.nmi.vision-app";
				PRODUCT_NAME = "$(TARGET_NAME)";
				SUPPORTED_PLATFORMS = "xros xrsimulator";
				SWIFT_EMIT_LOC_STRINGS = YES;
				SWIFT_VERSION = 5.0;
				TARGETED_DEVICE_FAMILY = "1,2,7";
			};
			name = Debug;
		};
		ECA1E2282B75B64200EE4926 /* Release */ = {
			isa = XCBuildConfiguration;
			buildSettings = {
				ASSETCATALOG_COMPILER_APPICON_NAME = AppIcon;
				ASSETCATALOG_COMPILER_GLOBAL_ACCENT_COLOR_NAME = AccentColor;
				CODE_SIGN_STYLE = Automatic;
				CURRENT_PROJECT_VERSION = 1;
				DEVELOPMENT_ASSET_PATHS = "\"vision-app/Preview Content\"";
				ENABLE_PREVIEWS = YES;
				GENERATE_INFOPLIST_FILE = YES;
				INFOPLIST_FILE = "$(TARGET_NAME)/Info.plist";
				LD_RUNPATH_SEARCH_PATHS = (
					"$(inherited)",
					"@executable_path/Frameworks",
				);
				MARKETING_VERSION = 0.1;
				PRODUCT_BUNDLE_IDENTIFIER = "com.nmi.vision-app";
				PRODUCT_NAME = "$(TARGET_NAME)";
				SUPPORTED_PLATFORMS = "xros xrsimulator";
				SWIFT_EMIT_LOC_STRINGS = YES;
				SWIFT_VERSION = 5.0;
				TARGETED_DEVICE_FAMILY = "1,2,7";
			};
			name = Release;
		};
/* End XCBuildConfiguration section */

/* Begin XCConfigurationList section */
		ECA1E20C2B75B64100EE4926 /* Build configuration list for PBXProject "vision-app" */ = {
			isa = XCConfigurationList;
			buildConfigurations = (
				ECA1E2242B75B64200EE4926 /* Debug */,
				ECA1E2252B75B64200EE4926 /* Release */,
			);
			defaultConfigurationIsVisible = 0;
			defaultConfigurationName = Release;
		};
		ECA1E2262B75B64200EE4926 /* Build configuration list for PBXNativeTarget "vision-app" */ = {
			isa = XCConfigurationList;
			buildConfigurations = (
				ECA1E2272B75B64200EE4926 /* Debug */,
				ECA1E2282B75B64200EE4926 /* Release */,
			);
			defaultConfigurationIsVisible = 0;
			defaultConfigurationName = Release;
		};
/* End XCConfigurationList section */

/* Begin XCSwiftPackageProductDependency section */
		ECA1E2162B75B64100EE4926 /* RealityKitContent */ = {
			isa = XCSwiftPackageProductDependency;
			productName = RealityKitContent;
		};
/* End XCSwiftPackageProductDependency section */
	};
	rootObject = ECA1E2092B75B64100EE4926 /* Project object */;
}
