// !$*UTF8*$!
{
	archiveVersion = 1;
	classes = {
	};
	objectVersion = 56;
	objects = {

/* Begin PBXBuildFile section */
		9AC1AF4D2B642143006A140C /* PlayingView.swift in Sources */ = {isa = PBXBuildFile; fileRef = 9AC1AF4C2B642143006A140C /* PlayingView.swift */; };
		9AC1AF4F2B642275006A140C /* LibraryView.swift in Sources */ = {isa = PBXBuildFile; fileRef = 9AC1AF4E2B642275006A140C /* LibraryView.swift */; };
		EC09ED4D2B755AD4003F8138 /* SecondaryVolumeView.swift in Sources */ = {isa = PBXBuildFile; fileRef = EC09ED4C2B755AD4003F8138 /* SecondaryVolumeView.swift */; };
		EC09ED4F2B755B31003F8138 /* ViewModel.swift in Sources */ = {isa = PBXBuildFile; fileRef = EC09ED4E2B755B31003F8138 /* ViewModel.swift */; };
		EC59ADE02B60CC3F00E5790E /* RealityKitContent in Frameworks */ = {isa = PBXBuildFile; productRef = EC59ADDF2B60CC3F00E5790E /* RealityKitContent */; };
		EC59ADE22B60CC3F00E5790E /* vision_appApp.swift in Sources */ = {isa = PBXBuildFile; fileRef = EC59ADE12B60CC3F00E5790E /* vision_appApp.swift */; };
		EC59ADE42B60CC3F00E5790E /* ContentView.swift in Sources */ = {isa = PBXBuildFile; fileRef = EC59ADE32B60CC3F00E5790E /* ContentView.swift */; };
		EC59ADE62B60CC4100E5790E /* Assets.xcassets in Resources */ = {isa = PBXBuildFile; fileRef = EC59ADE52B60CC4100E5790E /* Assets.xcassets */; };
		EC59ADE92B60CC4100E5790E /* Preview Assets.xcassets in Resources */ = {isa = PBXBuildFile; fileRef = EC59ADE82B60CC4100E5790E /* Preview Assets.xcassets */; };
		EC59ADF42B60CC4100E5790E /* vision_appTests.swift in Sources */ = {isa = PBXBuildFile; fileRef = EC59ADF32B60CC4100E5790E /* vision_appTests.swift */; };
		EC80F68D2B7528B100D861A7 /* CubeView.swift in Sources */ = {isa = PBXBuildFile; fileRef = EC80F68C2B7528B100D861A7 /* CubeView.swift */; };
		ECB14EFB2B6872EA007922C9 /* 07 Little Lion Man.mp3 in Resources */ = {isa = PBXBuildFile; fileRef = ECB14EEB2B6872EA007922C9 /* 07 Little Lion Man.mp3 */; };
		ECB14EFC2B6872EA007922C9 /* 01 - Cotton Eye Joe (Original Version).mp3 in Resources */ = {isa = PBXBuildFile; fileRef = ECB14EEC2B6872EA007922C9 /* 01 - Cotton Eye Joe (Original Version).mp3 */; };
		ECB14EFD2B6872EA007922C9 /* Broken.mp3 in Resources */ = {isa = PBXBuildFile; fileRef = ECB14EED2B6872EA007922C9 /* Broken.mp3 */; };
		ECB14EFE2B6872EA007922C9 /* 07. Coldplay - Viva la Vida.mp3 in Resources */ = {isa = PBXBuildFile; fileRef = ECB14EEE2B6872EA007922C9 /* 07. Coldplay - Viva la Vida.mp3 */; };
		ECB14EFF2B6872EA007922C9 /* 04 She Will Be Loved.mp3 in Resources */ = {isa = PBXBuildFile; fileRef = ECB14EEF2B6872EA007922C9 /* 04 She Will Be Loved.mp3 */; };
		ECB14F002B6872EA007922C9 /* 03 In a Little While.mp3 in Resources */ = {isa = PBXBuildFile; fileRef = ECB14EF02B6872EA007922C9 /* 03 In a Little While.mp3 */; };
		ECB14F012B6872EA007922C9 /* 06 How's It Going to Be.mp3 in Resources */ = {isa = PBXBuildFile; fileRef = ECB14EF12B6872EA007922C9 /* 06 How's It Going to Be.mp3 */; };
		ECB14F022B6872EA007922C9 /* 03 3 A.M.mp3 in Resources */ = {isa = PBXBuildFile; fileRef = ECB14EF22B6872EA007922C9 /* 03 3 A.M.mp3 */; };
		ECB14F032B6872EA007922C9 /* 02 Drive By.mp3 in Resources */ = {isa = PBXBuildFile; fileRef = ECB14EF32B6872EA007922C9 /* 02 Drive By.mp3 */; };
		ECB14F042B6872EA007922C9 /* 02 Hey, Soul Sister.mp3 in Resources */ = {isa = PBXBuildFile; fileRef = ECB14EF42B6872EA007922C9 /* 02 Hey, Soul Sister.mp3 */; };
		ECB14F052B6872EA007922C9 /* 08 All the Small Things.mp3 in Resources */ = {isa = PBXBuildFile; fileRef = ECB14EF52B6872EA007922C9 /* 08 All the Small Things.mp3 */; };
		ECB14F062B6872EA007922C9 /* 01 Wake Me Up.mp3 in Resources */ = {isa = PBXBuildFile; fileRef = ECB14EF62B6872EA007922C9 /* 01 Wake Me Up.mp3 */; };
		ECB14F072B6872EA007922C9 /* 06 Little Talks.mp3 in Resources */ = {isa = PBXBuildFile; fileRef = ECB14EF72B6872EA007922C9 /* 06 Little Talks.mp3 */; };
		ECB14F082B6872EA007922C9 /* 01 Closing Time.mp3 in Resources */ = {isa = PBXBuildFile; fileRef = ECB14EF82B6872EA007922C9 /* 01 Closing Time.mp3 */; };
		ECB14F092B6872EA007922C9 /* 03 I Will Wait.mp3 in Resources */ = {isa = PBXBuildFile; fileRef = ECB14EF92B6872EA007922C9 /* 03 I Will Wait.mp3 */; };
		ECB14F0A2B6872EA007922C9 /* 02 I'm Gonna Be (500 Miles).mp3 in Resources */ = {isa = PBXBuildFile; fileRef = ECB14EFA2B6872EA007922C9 /* 02 I'm Gonna Be (500 Miles).mp3 */; };
		ECFD8C122B64320200E573E2 /* PlayMusic.swift in Sources */ = {isa = PBXBuildFile; fileRef = ECFD8C112B64320200E573E2 /* PlayMusic.swift */; };
/* End PBXBuildFile section */

/* Begin PBXContainerItemProxy section */
		EC59ADF02B60CC4100E5790E /* PBXContainerItemProxy */ = {
			isa = PBXContainerItemProxy;
			containerPortal = EC59ADD22B60CC3F00E5790E /* Project object */;
			proxyType = 1;
			remoteGlobalIDString = EC59ADD92B60CC3F00E5790E;
			remoteInfo = "vision-app";
		};
/* End PBXContainerItemProxy section */

/* Begin PBXFileReference section */
		9AC1AF4C2B642143006A140C /* PlayingView.swift */ = {isa = PBXFileReference; lastKnownFileType = sourcecode.swift; path = PlayingView.swift; sourceTree = "<group>"; };
		9AC1AF4E2B642275006A140C /* LibraryView.swift */ = {isa = PBXFileReference; lastKnownFileType = sourcecode.swift; path = LibraryView.swift; sourceTree = "<group>"; };
		EC09ED4C2B755AD4003F8138 /* SecondaryVolumeView.swift */ = {isa = PBXFileReference; lastKnownFileType = sourcecode.swift; path = SecondaryVolumeView.swift; sourceTree = "<group>"; };
		EC09ED4E2B755B31003F8138 /* ViewModel.swift */ = {isa = PBXFileReference; lastKnownFileType = sourcecode.swift; path = ViewModel.swift; sourceTree = "<group>"; };
		EC59ADDA2B60CC3F00E5790E /* vision-app.app */ = {isa = PBXFileReference; explicitFileType = wrapper.application; includeInIndex = 0; path = "vision-app.app"; sourceTree = BUILT_PRODUCTS_DIR; };
		EC59ADDE2B60CC3F00E5790E /* RealityKitContent */ = {isa = PBXFileReference; lastKnownFileType = wrapper; path = RealityKitContent; sourceTree = "<group>"; };
		EC59ADE12B60CC3F00E5790E /* vision_appApp.swift */ = {isa = PBXFileReference; lastKnownFileType = sourcecode.swift; path = vision_appApp.swift; sourceTree = "<group>"; };
		EC59ADE32B60CC3F00E5790E /* ContentView.swift */ = {isa = PBXFileReference; lastKnownFileType = sourcecode.swift; path = ContentView.swift; sourceTree = "<group>"; };
		EC59ADE52B60CC4100E5790E /* Assets.xcassets */ = {isa = PBXFileReference; lastKnownFileType = folder.assetcatalog; path = Assets.xcassets; sourceTree = "<group>"; };
		EC59ADE82B60CC4100E5790E /* Preview Assets.xcassets */ = {isa = PBXFileReference; lastKnownFileType = folder.assetcatalog; path = "Preview Assets.xcassets"; sourceTree = "<group>"; };
		EC59ADEA2B60CC4100E5790E /* Info.plist */ = {isa = PBXFileReference; lastKnownFileType = text.plist.xml; path = Info.plist; sourceTree = "<group>"; };
		EC59ADEF2B60CC4100E5790E /* vision-appTests.xctest */ = {isa = PBXFileReference; explicitFileType = wrapper.cfbundle; includeInIndex = 0; path = "vision-appTests.xctest"; sourceTree = BUILT_PRODUCTS_DIR; };
		EC59ADF32B60CC4100E5790E /* vision_appTests.swift */ = {isa = PBXFileReference; lastKnownFileType = sourcecode.swift; path = vision_appTests.swift; sourceTree = "<group>"; };
		EC80F68C2B7528B100D861A7 /* CubeView.swift */ = {isa = PBXFileReference; lastKnownFileType = sourcecode.swift; path = CubeView.swift; sourceTree = "<group>"; };
		ECB14EEB2B6872EA007922C9 /* 07 Little Lion Man.mp3 */ = {isa = PBXFileReference; lastKnownFileType = audio.mp3; path = "07 Little Lion Man.mp3"; sourceTree = "<group>"; };
		ECB14EEC2B6872EA007922C9 /* 01 - Cotton Eye Joe (Original Version).mp3 */ = {isa = PBXFileReference; lastKnownFileType = audio.mp3; path = "01 - Cotton Eye Joe (Original Version).mp3"; sourceTree = "<group>"; };
		ECB14EED2B6872EA007922C9 /* Broken.mp3 */ = {isa = PBXFileReference; lastKnownFileType = audio.mp3; path = Broken.mp3; sourceTree = "<group>"; };
		ECB14EEE2B6872EA007922C9 /* 07. Coldplay - Viva la Vida.mp3 */ = {isa = PBXFileReference; lastKnownFileType = audio.mp3; path = "07. Coldplay - Viva la Vida.mp3"; sourceTree = "<group>"; };
		ECB14EEF2B6872EA007922C9 /* 04 She Will Be Loved.mp3 */ = {isa = PBXFileReference; lastKnownFileType = audio.mp3; path = "04 She Will Be Loved.mp3"; sourceTree = "<group>"; };
		ECB14EF02B6872EA007922C9 /* 03 In a Little While.mp3 */ = {isa = PBXFileReference; lastKnownFileType = audio.mp3; path = "03 In a Little While.mp3"; sourceTree = "<group>"; };
		ECB14EF12B6872EA007922C9 /* 06 How's It Going to Be.mp3 */ = {isa = PBXFileReference; lastKnownFileType = audio.mp3; path = "06 How's It Going to Be.mp3"; sourceTree = "<group>"; };
		ECB14EF22B6872EA007922C9 /* 03 3 A.M.mp3 */ = {isa = PBXFileReference; lastKnownFileType = audio.mp3; path = "03 3 A.M.mp3"; sourceTree = "<group>"; };
		ECB14EF32B6872EA007922C9 /* 02 Drive By.mp3 */ = {isa = PBXFileReference; lastKnownFileType = audio.mp3; path = "02 Drive By.mp3"; sourceTree = "<group>"; };
		ECB14EF42B6872EA007922C9 /* 02 Hey, Soul Sister.mp3 */ = {isa = PBXFileReference; lastKnownFileType = audio.mp3; path = "02 Hey, Soul Sister.mp3"; sourceTree = "<group>"; };
		ECB14EF52B6872EA007922C9 /* 08 All the Small Things.mp3 */ = {isa = PBXFileReference; lastKnownFileType = audio.mp3; path = "08 All the Small Things.mp3"; sourceTree = "<group>"; };
		ECB14EF62B6872EA007922C9 /* 01 Wake Me Up.mp3 */ = {isa = PBXFileReference; lastKnownFileType = audio.mp3; path = "01 Wake Me Up.mp3"; sourceTree = "<group>"; };
		ECB14EF72B6872EA007922C9 /* 06 Little Talks.mp3 */ = {isa = PBXFileReference; lastKnownFileType = audio.mp3; path = "06 Little Talks.mp3"; sourceTree = "<group>"; };
		ECB14EF82B6872EA007922C9 /* 01 Closing Time.mp3 */ = {isa = PBXFileReference; lastKnownFileType = audio.mp3; path = "01 Closing Time.mp3"; sourceTree = "<group>"; };
		ECB14EF92B6872EA007922C9 /* 03 I Will Wait.mp3 */ = {isa = PBXFileReference; lastKnownFileType = audio.mp3; path = "03 I Will Wait.mp3"; sourceTree = "<group>"; };
		ECB14EFA2B6872EA007922C9 /* 02 I'm Gonna Be (500 Miles).mp3 */ = {isa = PBXFileReference; lastKnownFileType = audio.mp3; path = "02 I'm Gonna Be (500 Miles).mp3"; sourceTree = "<group>"; };
		ECFD8C112B64320200E573E2 /* PlayMusic.swift */ = {isa = PBXFileReference; lastKnownFileType = sourcecode.swift; path = PlayMusic.swift; sourceTree = "<group>"; };
/* End PBXFileReference section */

/* Begin PBXFrameworksBuildPhase section */
		EC59ADD72B60CC3F00E5790E /* Frameworks */ = {
			isa = PBXFrameworksBuildPhase;
			buildActionMask = 2147483647;
			files = (
				EC59ADE02B60CC3F00E5790E /* RealityKitContent in Frameworks */,
			);
			runOnlyForDeploymentPostprocessing = 0;
		};
		EC59ADEC2B60CC4100E5790E /* Frameworks */ = {
			isa = PBXFrameworksBuildPhase;
			buildActionMask = 2147483647;
			files = (
			);
			runOnlyForDeploymentPostprocessing = 0;
		};
/* End PBXFrameworksBuildPhase section */

/* Begin PBXGroup section */
		EC59ADD12B60CC3F00E5790E = {
			isa = PBXGroup;
			children = (
				EC59ADDC2B60CC3F00E5790E /* vision-app */,
				EC59ADDD2B60CC3F00E5790E /* Packages */,
				EC59ADF22B60CC4100E5790E /* vision-appTests */,
				EC59ADDB2B60CC3F00E5790E /* Products */,
			);
			sourceTree = "<group>";
		};
		EC59ADDB2B60CC3F00E5790E /* Products */ = {
			isa = PBXGroup;
			children = (
				EC59ADDA2B60CC3F00E5790E /* vision-app.app */,
				EC59ADEF2B60CC4100E5790E /* vision-appTests.xctest */,
			);
			name = Products;
			sourceTree = "<group>";
		};
		EC59ADDC2B60CC3F00E5790E /* vision-app */ = {
			isa = PBXGroup;
			children = (
				EC59ADE12B60CC3F00E5790E /* vision_appApp.swift */,
				EC59ADE32B60CC3F00E5790E /* ContentView.swift */,
				9AC1AF4C2B642143006A140C /* PlayingView.swift */,
				9AC1AF4E2B642275006A140C /* LibraryView.swift */,
				ECFD8C112B64320200E573E2 /* PlayMusic.swift */,
				EC80F68C2B7528B100D861A7 /* CubeView.swift */,
				EC09ED4C2B755AD4003F8138 /* SecondaryVolumeView.swift */,
				EC09ED4E2B755B31003F8138 /* ViewModel.swift */,
				EC59ADE52B60CC4100E5790E /* Assets.xcassets */,
				EC59ADEA2B60CC4100E5790E /* Info.plist */,
				ECB14EEA2B6872EA007922C9 /* Music */,
				EC59ADE72B60CC4100E5790E /* Preview Content */,
			);
			path = "vision-app";
			sourceTree = "<group>";
		};
		EC59ADDD2B60CC3F00E5790E /* Packages */ = {
			isa = PBXGroup;
			children = (
				EC59ADDE2B60CC3F00E5790E /* RealityKitContent */,
			);
			path = Packages;
			sourceTree = "<group>";
		};
		EC59ADE72B60CC4100E5790E /* Preview Content */ = {
			isa = PBXGroup;
			children = (
				EC59ADE82B60CC4100E5790E /* Preview Assets.xcassets */,
			);
			path = "Preview Content";
			sourceTree = "<group>";
		};
		EC59ADF22B60CC4100E5790E /* vision-appTests */ = {
			isa = PBXGroup;
			children = (
				EC59ADF32B60CC4100E5790E /* vision_appTests.swift */,
			);
			path = "vision-appTests";
			sourceTree = "<group>";
		};
		ECB14EEA2B6872EA007922C9 /* Music */ = {
			isa = PBXGroup;
			children = (
				ECB14EEB2B6872EA007922C9 /* 07 Little Lion Man.mp3 */,
				ECB14EEC2B6872EA007922C9 /* 01 - Cotton Eye Joe (Original Version).mp3 */,
				ECB14EED2B6872EA007922C9 /* Broken.mp3 */,
				ECB14EEE2B6872EA007922C9 /* 07. Coldplay - Viva la Vida.mp3 */,
				ECB14EEF2B6872EA007922C9 /* 04 She Will Be Loved.mp3 */,
				ECB14EF02B6872EA007922C9 /* 03 In a Little While.mp3 */,
				ECB14EF12B6872EA007922C9 /* 06 How's It Going to Be.mp3 */,
				ECB14EF22B6872EA007922C9 /* 03 3 A.M.mp3 */,
				ECB14EF32B6872EA007922C9 /* 02 Drive By.mp3 */,
				ECB14EF42B6872EA007922C9 /* 02 Hey, Soul Sister.mp3 */,
				ECB14EF52B6872EA007922C9 /* 08 All the Small Things.mp3 */,
				ECB14EF62B6872EA007922C9 /* 01 Wake Me Up.mp3 */,
				ECB14EF72B6872EA007922C9 /* 06 Little Talks.mp3 */,
				ECB14EF82B6872EA007922C9 /* 01 Closing Time.mp3 */,
				ECB14EF92B6872EA007922C9 /* 03 I Will Wait.mp3 */,
				ECB14EFA2B6872EA007922C9 /* 02 I'm Gonna Be (500 Miles).mp3 */,
			);
			path = Music;
			sourceTree = "<group>";
		};
/* End PBXGroup section */

/* Begin PBXNativeTarget section */
		EC59ADD92B60CC3F00E5790E /* vision-app */ = {
			isa = PBXNativeTarget;
			buildConfigurationList = EC59ADF72B60CC4100E5790E /* Build configuration list for PBXNativeTarget "vision-app" */;
			buildPhases = (
				EC59ADD62B60CC3F00E5790E /* Sources */,
				EC59ADD72B60CC3F00E5790E /* Frameworks */,
				EC59ADD82B60CC3F00E5790E /* Resources */,
			);
			buildRules = (
			);
			dependencies = (
			);
			name = "vision-app";
			packageProductDependencies = (
				EC59ADDF2B60CC3F00E5790E /* RealityKitContent */,
			);
			productName = "vision-app";
			productReference = EC59ADDA2B60CC3F00E5790E /* vision-app.app */;
			productType = "com.apple.product-type.application";
		};
		EC59ADEE2B60CC4100E5790E /* vision-appTests */ = {
			isa = PBXNativeTarget;
			buildConfigurationList = EC59ADFA2B60CC4100E5790E /* Build configuration list for PBXNativeTarget "vision-appTests" */;
			buildPhases = (
				EC59ADEB2B60CC4100E5790E /* Sources */,
				EC59ADEC2B60CC4100E5790E /* Frameworks */,
				EC59ADED2B60CC4100E5790E /* Resources */,
			);
			buildRules = (
			);
			dependencies = (
				EC59ADF12B60CC4100E5790E /* PBXTargetDependency */,
			);
			name = "vision-appTests";
			productName = "vision-appTests";
			productReference = EC59ADEF2B60CC4100E5790E /* vision-appTests.xctest */;
			productType = "com.apple.product-type.bundle.unit-test";
		};
/* End PBXNativeTarget section */

/* Begin PBXProject section */
		EC59ADD22B60CC3F00E5790E /* Project object */ = {
			isa = PBXProject;
			attributes = {
				BuildIndependentTargetsInParallel = 1;
				LastSwiftUpdateCheck = 1520;
				LastUpgradeCheck = 1520;
				TargetAttributes = {
					EC59ADD92B60CC3F00E5790E = {
						CreatedOnToolsVersion = 15.2;
					};
					EC59ADEE2B60CC4100E5790E = {
						CreatedOnToolsVersion = 15.2;
						TestTargetID = EC59ADD92B60CC3F00E5790E;
					};
				};
			};
			buildConfigurationList = EC59ADD52B60CC3F00E5790E /* Build configuration list for PBXProject "vision-app" */;
			compatibilityVersion = "Xcode 14.0";
			developmentRegion = en;
			hasScannedForEncodings = 0;
			knownRegions = (
				en,
				Base,
			);
			mainGroup = EC59ADD12B60CC3F00E5790E;
			productRefGroup = EC59ADDB2B60CC3F00E5790E /* Products */;
			projectDirPath = "";
			projectRoot = "";
			targets = (
				EC59ADD92B60CC3F00E5790E /* vision-app */,
				EC59ADEE2B60CC4100E5790E /* vision-appTests */,
			);
		};
/* End PBXProject section */

/* Begin PBXResourcesBuildPhase section */
		EC59ADD82B60CC3F00E5790E /* Resources */ = {
			isa = PBXResourcesBuildPhase;
			buildActionMask = 2147483647;
			files = (
				ECB14F082B6872EA007922C9 /* 01 Closing Time.mp3 in Resources */,
				ECB14F002B6872EA007922C9 /* 03 In a Little While.mp3 in Resources */,
				ECB14EFE2B6872EA007922C9 /* 07. Coldplay - Viva la Vida.mp3 in Resources */,
				ECB14F042B6872EA007922C9 /* 02 Hey, Soul Sister.mp3 in Resources */,
				ECB14F022B6872EA007922C9 /* 03 3 A.M.mp3 in Resources */,
				ECB14EFB2B6872EA007922C9 /* 07 Little Lion Man.mp3 in Resources */,
				ECB14EFF2B6872EA007922C9 /* 04 She Will Be Loved.mp3 in Resources */,
				ECB14F012B6872EA007922C9 /* 06 How's It Going to Be.mp3 in Resources */,
				ECB14F062B6872EA007922C9 /* 01 Wake Me Up.mp3 in Resources */,
				ECB14F032B6872EA007922C9 /* 02 Drive By.mp3 in Resources */,
				ECB14F0A2B6872EA007922C9 /* 02 I'm Gonna Be (500 Miles).mp3 in Resources */,
				EC59ADE92B60CC4100E5790E /* Preview Assets.xcassets in Resources */,
				ECB14EFC2B6872EA007922C9 /* 01 - Cotton Eye Joe (Original Version).mp3 in Resources */,
				ECB14F072B6872EA007922C9 /* 06 Little Talks.mp3 in Resources */,
				EC59ADE62B60CC4100E5790E /* Assets.xcassets in Resources */,
				ECB14EFD2B6872EA007922C9 /* Broken.mp3 in Resources */,
				ECB14F052B6872EA007922C9 /* 08 All the Small Things.mp3 in Resources */,
				ECB14F092B6872EA007922C9 /* 03 I Will Wait.mp3 in Resources */,
			);
			runOnlyForDeploymentPostprocessing = 0;
		};
		EC59ADED2B60CC4100E5790E /* Resources */ = {
			isa = PBXResourcesBuildPhase;
			buildActionMask = 2147483647;
			files = (
			);
			runOnlyForDeploymentPostprocessing = 0;
		};
/* End PBXResourcesBuildPhase section */

/* Begin PBXSourcesBuildPhase section */
		EC59ADD62B60CC3F00E5790E /* Sources */ = {
			isa = PBXSourcesBuildPhase;
			buildActionMask = 2147483647;
			files = (
				EC59ADE42B60CC3F00E5790E /* ContentView.swift in Sources */,
				9AC1AF4D2B642143006A140C /* PlayingView.swift in Sources */,
				EC09ED4D2B755AD4003F8138 /* SecondaryVolumeView.swift in Sources */,
				9AC1AF4F2B642275006A140C /* LibraryView.swift in Sources */,
				EC59ADE22B60CC3F00E5790E /* vision_appApp.swift in Sources */,
				ECFD8C122B64320200E573E2 /* PlayMusic.swift in Sources */,
				EC09ED4F2B755B31003F8138 /* ViewModel.swift in Sources */,
				EC80F68D2B7528B100D861A7 /* CubeView.swift in Sources */,
			);
			runOnlyForDeploymentPostprocessing = 0;
		};
		EC59ADEB2B60CC4100E5790E /* Sources */ = {
			isa = PBXSourcesBuildPhase;
			buildActionMask = 2147483647;
			files = (
				EC59ADF42B60CC4100E5790E /* vision_appTests.swift in Sources */,
			);
			runOnlyForDeploymentPostprocessing = 0;
		};
/* End PBXSourcesBuildPhase section */

/* Begin PBXTargetDependency section */
		EC59ADF12B60CC4100E5790E /* PBXTargetDependency */ = {
			isa = PBXTargetDependency;
			target = EC59ADD92B60CC3F00E5790E /* vision-app */;
			targetProxy = EC59ADF02B60CC4100E5790E /* PBXContainerItemProxy */;
		};
/* End PBXTargetDependency section */

/* Begin XCBuildConfiguration section */
		EC59ADF52B60CC4100E5790E /* Debug */ = {
			isa = XCBuildConfiguration;
			buildSettings = {
				ALWAYS_SEARCH_USER_PATHS = NO;
				ASSETCATALOG_COMPILER_GENERATE_SWIFT_ASSET_SYMBOL_EXTENSIONS = YES;
				CLANG_ANALYZER_NONNULL = YES;
				CLANG_ANALYZER_NUMBER_OBJECT_CONVERSION = YES_AGGRESSIVE;
				CLANG_CXX_LANGUAGE_STANDARD = "gnu++20";
				CLANG_ENABLE_MODULES = YES;
				CLANG_ENABLE_OBJC_ARC = YES;
				CLANG_ENABLE_OBJC_WEAK = YES;
				CLANG_WARN_BLOCK_CAPTURE_AUTORELEASING = YES;
				CLANG_WARN_BOOL_CONVERSION = YES;
				CLANG_WARN_COMMA = YES;
				CLANG_WARN_CONSTANT_CONVERSION = YES;
				CLANG_WARN_DEPRECATED_OBJC_IMPLEMENTATIONS = YES;
				CLANG_WARN_DIRECT_OBJC_ISA_USAGE = YES_ERROR;
				CLANG_WARN_DOCUMENTATION_COMMENTS = YES;
				CLANG_WARN_EMPTY_BODY = YES;
				CLANG_WARN_ENUM_CONVERSION = YES;
				CLANG_WARN_INFINITE_RECURSION = YES;
				CLANG_WARN_INT_CONVERSION = YES;
				CLANG_WARN_NON_LITERAL_NULL_CONVERSION = YES;
				CLANG_WARN_OBJC_IMPLICIT_RETAIN_SELF = YES;
				CLANG_WARN_OBJC_LITERAL_CONVERSION = YES;
				CLANG_WARN_OBJC_ROOT_CLASS = YES_ERROR;
				CLANG_WARN_QUOTED_INCLUDE_IN_FRAMEWORK_HEADER = YES;
				CLANG_WARN_RANGE_LOOP_ANALYSIS = YES;
				CLANG_WARN_STRICT_PROTOTYPES = YES;
				CLANG_WARN_SUSPICIOUS_MOVE = YES;
				CLANG_WARN_UNGUARDED_AVAILABILITY = YES_AGGRESSIVE;
				CLANG_WARN_UNREACHABLE_CODE = YES;
				CLANG_WARN__DUPLICATE_METHOD_MATCH = YES;
				COPY_PHASE_STRIP = NO;
				DEBUG_INFORMATION_FORMAT = dwarf;
				ENABLE_STRICT_OBJC_MSGSEND = YES;
				ENABLE_TESTABILITY = YES;
				ENABLE_USER_SCRIPT_SANDBOXING = YES;
				GCC_C_LANGUAGE_STANDARD = gnu17;
				GCC_DYNAMIC_NO_PIC = NO;
				GCC_NO_COMMON_BLOCKS = YES;
				GCC_OPTIMIZATION_LEVEL = 0;
				GCC_PREPROCESSOR_DEFINITIONS = (
					"DEBUG=1",
					"$(inherited)",
				);
				GCC_WARN_64_TO_32_BIT_CONVERSION = YES;
				GCC_WARN_ABOUT_RETURN_TYPE = YES_ERROR;
				GCC_WARN_UNDECLARED_SELECTOR = YES;
				GCC_WARN_UNINITIALIZED_AUTOS = YES_AGGRESSIVE;
				GCC_WARN_UNUSED_FUNCTION = YES;
				GCC_WARN_UNUSED_VARIABLE = YES;
				LOCALIZATION_PREFERS_STRING_CATALOGS = YES;
				MTL_ENABLE_DEBUG_INFO = INCLUDE_SOURCE;
				MTL_FAST_MATH = YES;
				ONLY_ACTIVE_ARCH = YES;
				SDKROOT = xros;
				SWIFT_ACTIVE_COMPILATION_CONDITIONS = "DEBUG $(inherited)";
				SWIFT_OPTIMIZATION_LEVEL = "-Onone";
				XROS_DEPLOYMENT_TARGET = 1.0;
			};
			name = Debug;
		};
		EC59ADF62B60CC4100E5790E /* Release */ = {
			isa = XCBuildConfiguration;
			buildSettings = {
				ALWAYS_SEARCH_USER_PATHS = NO;
				ASSETCATALOG_COMPILER_GENERATE_SWIFT_ASSET_SYMBOL_EXTENSIONS = YES;
				CLANG_ANALYZER_NONNULL = YES;
				CLANG_ANALYZER_NUMBER_OBJECT_CONVERSION = YES_AGGRESSIVE;
				CLANG_CXX_LANGUAGE_STANDARD = "gnu++20";
				CLANG_ENABLE_MODULES = YES;
				CLANG_ENABLE_OBJC_ARC = YES;
				CLANG_ENABLE_OBJC_WEAK = YES;
				CLANG_WARN_BLOCK_CAPTURE_AUTORELEASING = YES;
				CLANG_WARN_BOOL_CONVERSION = YES;
				CLANG_WARN_COMMA = YES;
				CLANG_WARN_CONSTANT_CONVERSION = YES;
				CLANG_WARN_DEPRECATED_OBJC_IMPLEMENTATIONS = YES;
				CLANG_WARN_DIRECT_OBJC_ISA_USAGE = YES_ERROR;
				CLANG_WARN_DOCUMENTATION_COMMENTS = YES;
				CLANG_WARN_EMPTY_BODY = YES;
				CLANG_WARN_ENUM_CONVERSION = YES;
				CLANG_WARN_INFINITE_RECURSION = YES;
				CLANG_WARN_INT_CONVERSION = YES;
				CLANG_WARN_NON_LITERAL_NULL_CONVERSION = YES;
				CLANG_WARN_OBJC_IMPLICIT_RETAIN_SELF = YES;
				CLANG_WARN_OBJC_LITERAL_CONVERSION = YES;
				CLANG_WARN_OBJC_ROOT_CLASS = YES_ERROR;
				CLANG_WARN_QUOTED_INCLUDE_IN_FRAMEWORK_HEADER = YES;
				CLANG_WARN_RANGE_LOOP_ANALYSIS = YES;
				CLANG_WARN_STRICT_PROTOTYPES = YES;
				CLANG_WARN_SUSPICIOUS_MOVE = YES;
				CLANG_WARN_UNGUARDED_AVAILABILITY = YES_AGGRESSIVE;
				CLANG_WARN_UNREACHABLE_CODE = YES;
				CLANG_WARN__DUPLICATE_METHOD_MATCH = YES;
				COPY_PHASE_STRIP = NO;
				DEBUG_INFORMATION_FORMAT = "dwarf-with-dsym";
				ENABLE_NS_ASSERTIONS = NO;
				ENABLE_STRICT_OBJC_MSGSEND = YES;
				ENABLE_USER_SCRIPT_SANDBOXING = YES;
				GCC_C_LANGUAGE_STANDARD = gnu17;
				GCC_NO_COMMON_BLOCKS = YES;
				GCC_WARN_64_TO_32_BIT_CONVERSION = YES;
				GCC_WARN_ABOUT_RETURN_TYPE = YES_ERROR;
				GCC_WARN_UNDECLARED_SELECTOR = YES;
				GCC_WARN_UNINITIALIZED_AUTOS = YES_AGGRESSIVE;
				GCC_WARN_UNUSED_FUNCTION = YES;
				GCC_WARN_UNUSED_VARIABLE = YES;
				LOCALIZATION_PREFERS_STRING_CATALOGS = YES;
				MTL_ENABLE_DEBUG_INFO = NO;
				MTL_FAST_MATH = YES;
				SDKROOT = xros;
				SWIFT_COMPILATION_MODE = wholemodule;
				VALIDATE_PRODUCT = YES;
				XROS_DEPLOYMENT_TARGET = 1.0;
			};
			name = Release;
		};
		EC59ADF82B60CC4100E5790E /* Debug */ = {
			isa = XCBuildConfiguration;
			buildSettings = {
				ASSETCATALOG_COMPILER_APPICON_NAME = AppIcon;
				ASSETCATALOG_COMPILER_GLOBAL_ACCENT_COLOR_NAME = AccentColor;
				CODE_SIGN_STYLE = Automatic;
				CURRENT_PROJECT_VERSION = 1;
				DEVELOPMENT_ASSET_PATHS = "\"vision-app/Preview Content\"";
				ENABLE_PREVIEWS = YES;
				GENERATE_INFOPLIST_FILE = YES;
				INFOPLIST_FILE = "$(TARGET_NAME)/Info.plist";
				LD_RUNPATH_SEARCH_PATHS = (
					"$(inherited)",
					"@executable_path/Frameworks",
				);
				MARKETING_VERSION = 1.0;
				PRODUCT_BUNDLE_IDENTIFIER = "com.nmi.vision-app";
				PRODUCT_NAME = "$(TARGET_NAME)";
				SUPPORTED_PLATFORMS = "xros xrsimulator";
				SWIFT_EMIT_LOC_STRINGS = YES;
				SWIFT_VERSION = 5.0;
				TARGETED_DEVICE_FAMILY = "1,2,7";
			};
			name = Debug;
		};
		EC59ADF92B60CC4100E5790E /* Release */ = {
			isa = XCBuildConfiguration;
			buildSettings = {
				ASSETCATALOG_COMPILER_APPICON_NAME = AppIcon;
				ASSETCATALOG_COMPILER_GLOBAL_ACCENT_COLOR_NAME = AccentColor;
				CODE_SIGN_STYLE = Automatic;
				CURRENT_PROJECT_VERSION = 1;
				DEVELOPMENT_ASSET_PATHS = "\"vision-app/Preview Content\"";
				ENABLE_PREVIEWS = YES;
				GENERATE_INFOPLIST_FILE = YES;
				INFOPLIST_FILE = "$(TARGET_NAME)/Info.plist";
				LD_RUNPATH_SEARCH_PATHS = (
					"$(inherited)",
					"@executable_path/Frameworks",
				);
				MARKETING_VERSION = 1.0;
				PRODUCT_BUNDLE_IDENTIFIER = "com.nmi.vision-app";
				PRODUCT_NAME = "$(TARGET_NAME)";
				SUPPORTED_PLATFORMS = "xros xrsimulator";
				SWIFT_EMIT_LOC_STRINGS = YES;
				SWIFT_VERSION = 5.0;
				TARGETED_DEVICE_FAMILY = "1,2,7";
			};
			name = Release;
		};
		EC59ADFB2B60CC4100E5790E /* Debug */ = {
			isa = XCBuildConfiguration;
			buildSettings = {
				ALWAYS_EMBED_SWIFT_STANDARD_LIBRARIES = YES;
				BUNDLE_LOADER = "$(TEST_HOST)";
				CODE_SIGN_STYLE = Automatic;
				CURRENT_PROJECT_VERSION = 1;
				GENERATE_INFOPLIST_FILE = YES;
				MARKETING_VERSION = 1.0;
				PRODUCT_BUNDLE_IDENTIFIER = "com.nmi.vision-appTests";
				PRODUCT_NAME = "$(TARGET_NAME)";
				SUPPORTED_PLATFORMS = "xros xrsimulator";
				SWIFT_EMIT_LOC_STRINGS = NO;
				SWIFT_VERSION = 5.0;
				TARGETED_DEVICE_FAMILY = "1,2,7";
				TEST_HOST = "$(BUILT_PRODUCTS_DIR)/vision-app.app/$(BUNDLE_EXECUTABLE_FOLDER_PATH)/vision-app";
				XROS_DEPLOYMENT_TARGET = 1.0;
			};
			name = Debug;
		};
		EC59ADFC2B60CC4100E5790E /* Release */ = {
			isa = XCBuildConfiguration;
			buildSettings = {
				ALWAYS_EMBED_SWIFT_STANDARD_LIBRARIES = YES;
				BUNDLE_LOADER = "$(TEST_HOST)";
				CODE_SIGN_STYLE = Automatic;
				CURRENT_PROJECT_VERSION = 1;
				GENERATE_INFOPLIST_FILE = YES;
				MARKETING_VERSION = 1.0;
				PRODUCT_BUNDLE_IDENTIFIER = "com.nmi.vision-appTests";
				PRODUCT_NAME = "$(TARGET_NAME)";
				SUPPORTED_PLATFORMS = "xros xrsimulator";
				SWIFT_EMIT_LOC_STRINGS = NO;
				SWIFT_VERSION = 5.0;
				TARGETED_DEVICE_FAMILY = "1,2,7";
				TEST_HOST = "$(BUILT_PRODUCTS_DIR)/vision-app.app/$(BUNDLE_EXECUTABLE_FOLDER_PATH)/vision-app";
				XROS_DEPLOYMENT_TARGET = 1.0;
			};
			name = Release;
		};
/* End XCBuildConfiguration section */

/* Begin XCConfigurationList section */
		EC59ADD52B60CC3F00E5790E /* Build configuration list for PBXProject "vision-app" */ = {
			isa = XCConfigurationList;
			buildConfigurations = (
				EC59ADF52B60CC4100E5790E /* Debug */,
				EC59ADF62B60CC4100E5790E /* Release */,
			);
			defaultConfigurationIsVisible = 0;
			defaultConfigurationName = Release;
		};
		EC59ADF72B60CC4100E5790E /* Build configuration list for PBXNativeTarget "vision-app" */ = {
			isa = XCConfigurationList;
			buildConfigurations = (
				EC59ADF82B60CC4100E5790E /* Debug */,
				EC59ADF92B60CC4100E5790E /* Release */,
			);
			defaultConfigurationIsVisible = 0;
			defaultConfigurationName = Release;
		};
		EC59ADFA2B60CC4100E5790E /* Build configuration list for PBXNativeTarget "vision-appTests" */ = {
			isa = XCConfigurationList;
			buildConfigurations = (
				EC59ADFB2B60CC4100E5790E /* Debug */,
				EC59ADFC2B60CC4100E5790E /* Release */,
			);
			defaultConfigurationIsVisible = 0;
			defaultConfigurationName = Release;
		};
/* End XCConfigurationList section */

/* Begin XCSwiftPackageProductDependency section */
		EC59ADDF2B60CC3F00E5790E /* RealityKitContent */ = {
			isa = XCSwiftPackageProductDependency;
			productName = RealityKitContent;
		};
/* End XCSwiftPackageProductDependency section */
	};
	rootObject = EC59ADD22B60CC3F00E5790E /* Project object */;
}
